// !$*UTF8*$!
{
	archiveVersion = 1;
	classes = {
	};
	objectVersion = 46;
	objects = {

/* Begin PBXBuildFile section */
		29BC82221EC5A6000028D4F1 /* main.m in Sources */ = {isa = PBXBuildFile; fileRef = 29BC82211EC5A6000028D4F1 /* main.m */; };
		29BC82251EC5A6000028D4F1 /* AppDelegate.m in Sources */ = {isa = PBXBuildFile; fileRef = 29BC82241EC5A6000028D4F1 /* AppDelegate.m */; };
		29BC82281EC5A6000028D4F1 /* ViewController.m in Sources */ = {isa = PBXBuildFile; fileRef = 29BC82271EC5A6000028D4F1 /* ViewController.m */; };
		29BC822D1EC5A6000028D4F1 /* Assets.xcassets in Resources */ = {isa = PBXBuildFile; fileRef = 29BC822C1EC5A6000028D4F1 /* Assets.xcassets */; };
		29BC82301EC5A6000028D4F1 /* LaunchScreen.storyboard in Resources */ = {isa = PBXBuildFile; fileRef = 29BC822E1EC5A6000028D4F1 /* LaunchScreen.storyboard */; };
		29BC82401EC5A7470028D4F1 /* 晴20x20@2x.png in Resources */ = {isa = PBXBuildFile; fileRef = 29BC82381EC5A7470028D4F1 /* 晴20x20@2x.png */; };
		29BC82411EC5A7470028D4F1 /* 晴20x20@3x.png in Resources */ = {isa = PBXBuildFile; fileRef = 29BC82391EC5A7470028D4F1 /* 晴20x20@3x.png */; };
		29BC82421EC5A7470028D4F1 /* 晴29x29@2x.png in Resources */ = {isa = PBXBuildFile; fileRef = 29BC823A1EC5A7470028D4F1 /* 晴29x29@2x.png */; };
		29BC82431EC5A7470028D4F1 /* 晴29x29@3x.png in Resources */ = {isa = PBXBuildFile; fileRef = 29BC823B1EC5A7470028D4F1 /* 晴29x29@3x.png */; };
		29BC82441EC5A7470028D4F1 /* 晴40x40@2x.png in Resources */ = {isa = PBXBuildFile; fileRef = 29BC823C1EC5A7470028D4F1 /* 晴40x40@2x.png */; };
		29BC82451EC5A7470028D4F1 /* 晴40x40@3x.png in Resources */ = {isa = PBXBuildFile; fileRef = 29BC823D1EC5A7470028D4F1 /* 晴40x40@3x.png */; };
		29BC82461EC5A7470028D4F1 /* 晴60x60@2x.png in Resources */ = {isa = PBXBuildFile; fileRef = 29BC823E1EC5A7470028D4F1 /* 晴60x60@2x.png */; };
		29BC82471EC5A7470028D4F1 /* 晴60x60@3x.png in Resources */ = {isa = PBXBuildFile; fileRef = 29BC823F1EC5A7470028D4F1 /* 晴60x60@3x.png */; };
		29BC824A1EC5A8D40028D4F1 /* Main.storyboard in Resources */ = {isa = PBXBuildFile; fileRef = 29BC82481EC5A8D40028D4F1 /* Main.storyboard */; };
/* End PBXBuildFile section */

/* Begin PBXFileReference section */
		29BC821D1EC5A6000028D4F1 /* 动态改变app icon(三).app */ = {isa = PBXFileReference; explicitFileType = wrapper.application; includeInIndex = 0; path = "动态改变app icon(三).app"; sourceTree = BUILT_PRODUCTS_DIR; };
		29BC82211EC5A6000028D4F1 /* main.m */ = {isa = PBXFileReference; lastKnownFileType = sourcecode.c.objc; path = main.m; sourceTree = "<group>"; };
		29BC82231EC5A6000028D4F1 /* AppDelegate.h */ = {isa = PBXFileReference; lastKnownFileType = sourcecode.c.h; path = AppDelegate.h; sourceTree = "<group>"; };
		29BC82241EC5A6000028D4F1 /* AppDelegate.m */ = {isa = PBXFileReference; lastKnownFileType = sourcecode.c.objc; path = AppDelegate.m; sourceTree = "<group>"; };
		29BC82261EC5A6000028D4F1 /* ViewController.h */ = {isa = PBXFileReference; lastKnownFileType = sourcecode.c.h; path = ViewController.h; sourceTree = "<group>"; };
		29BC82271EC5A6000028D4F1 /* ViewController.m */ = {isa = PBXFileReference; lastKnownFileType = sourcecode.c.objc; path = ViewController.m; sourceTree = "<group>"; };
		29BC822C1EC5A6000028D4F1 /* Assets.xcassets */ = {isa = PBXFileReference; lastKnownFileType = folder.assetcatalog; path = Assets.xcassets; sourceTree = "<group>"; };
		29BC822F1EC5A6000028D4F1 /* Base */ = {isa = PBXFileReference; lastKnownFileType = file.storyboard; name = Base; path = Base.lproj/LaunchScreen.storyboard; sourceTree = "<group>"; };
		29BC82311EC5A6000028D4F1 /* Info.plist */ = {isa = PBXFileReference; lastKnownFileType = text.plist.xml; path = Info.plist; sourceTree = "<group>"; };
		29BC82381EC5A7470028D4F1 /* 晴20x20@2x.png */ = {isa = PBXFileReference; lastKnownFileType = image.png; path = "晴20x20@2x.png"; sourceTree = "<group>"; };
		29BC82391EC5A7470028D4F1 /* 晴20x20@3x.png */ = {isa = PBXFileReference; lastKnownFileType = image.png; path = "晴20x20@3x.png"; sourceTree = "<group>"; };
		29BC823A1EC5A7470028D4F1 /* 晴29x29@2x.png */ = {isa = PBXFileReference; lastKnownFileType = image.png; path = "晴29x29@2x.png"; sourceTree = "<group>"; };
		29BC823B1EC5A7470028D4F1 /* 晴29x29@3x.png */ = {isa = PBXFileReference; lastKnownFileType = image.png; path = "晴29x29@3x.png"; sourceTree = "<group>"; };
		29BC823C1EC5A7470028D4F1 /* 晴40x40@2x.png */ = {isa = PBXFileReference; lastKnownFileType = image.png; path = "晴40x40@2x.png"; sourceTree = "<group>"; };
		29BC823D1EC5A7470028D4F1 /* 晴40x40@3x.png */ = {isa = PBXFileReference; lastKnownFileType = image.png; path = "晴40x40@3x.png"; sourceTree = "<group>"; };
		29BC823E1EC5A7470028D4F1 /* 晴60x60@2x.png */ = {isa = PBXFileReference; lastKnownFileType = image.png; path = "晴60x60@2x.png"; sourceTree = "<group>"; };
		29BC823F1EC5A7470028D4F1 /* 晴60x60@3x.png */ = {isa = PBXFileReference; lastKnownFileType = image.png; path = "晴60x60@3x.png"; sourceTree = "<group>"; };
		29BC82491EC5A8D40028D4F1 /* Base */ = {isa = PBXFileReference; lastKnownFileType = file.storyboard; name = Base; path = Base.lproj/Main.storyboard; sourceTree = "<group>"; };
/* End PBXFileReference section */

/* Begin PBXFrameworksBuildPhase section */
		29BC821A1EC5A6000028D4F1 /* Frameworks */ = {
			isa = PBXFrameworksBuildPhase;
			buildActionMask = 2147483647;
			files = (
			);
			runOnlyForDeploymentPostprocessing = 0;
		};
/* End PBXFrameworksBuildPhase section */

/* Begin PBXGroup section */
		29BC82141EC5A6000028D4F1 = {
			isa = PBXGroup;
			children = (
				29BC821F1EC5A6000028D4F1 /* 动态改变app icon(三) */,
				29BC821E1EC5A6000028D4F1 /* Products */,
			);
			sourceTree = "<group>";
		};
		29BC821E1EC5A6000028D4F1 /* Products */ = {
			isa = PBXGroup;
			children = (
				29BC821D1EC5A6000028D4F1 /* 动态改变app icon(三).app */,
			);
			name = Products;
			sourceTree = "<group>";
		};
		29BC821F1EC5A6000028D4F1 /* 动态改变app icon(三) */ = {
			isa = PBXGroup;
			children = (
				29BC82371EC5A7470028D4F1 /* DynamicAppIcon */,
				29BC82231EC5A6000028D4F1 /* AppDelegate.h */,
				29BC82241EC5A6000028D4F1 /* AppDelegate.m */,
				29BC82261EC5A6000028D4F1 /* ViewController.h */,
				29BC82271EC5A6000028D4F1 /* ViewController.m */,
				29BC822C1EC5A6000028D4F1 /* Assets.xcassets */,
				29BC822E1EC5A6000028D4F1 /* LaunchScreen.storyboard */,
				29BC82481EC5A8D40028D4F1 /* Main.storyboard */,
				29BC82311EC5A6000028D4F1 /* Info.plist */,
				29BC82201EC5A6000028D4F1 /* Supporting Files */,
			);
			path = "动态改变app icon(三)";
			sourceTree = "<group>";
		};
		29BC82201EC5A6000028D4F1 /* Supporting Files */ = {
			isa = PBXGroup;
			children = (
				29BC82211EC5A6000028D4F1 /* main.m */,
			);
			name = "Supporting Files";
			sourceTree = "<group>";
		};
		29BC82371EC5A7470028D4F1 /* DynamicAppIcon */ = {
			isa = PBXGroup;
			children = (
				29BC82381EC5A7470028D4F1 /* 晴20x20@2x.png */,
				29BC82391EC5A7470028D4F1 /* 晴20x20@3x.png */,
				29BC823A1EC5A7470028D4F1 /* 晴29x29@2x.png */,
				29BC823B1EC5A7470028D4F1 /* 晴29x29@3x.png */,
				29BC823C1EC5A7470028D4F1 /* 晴40x40@2x.png */,
				29BC823D1EC5A7470028D4F1 /* 晴40x40@3x.png */,
				29BC823E1EC5A7470028D4F1 /* 晴60x60@2x.png */,
				29BC823F1EC5A7470028D4F1 /* 晴60x60@3x.png */,
			);
			name = DynamicAppIcon;
			path = "../../导航控制器动画/导航控制器动画/DynamicAppIcon";
			sourceTree = "<group>";
		};
/* End PBXGroup section */

/* Begin PBXNativeTarget section */
		29BC821C1EC5A6000028D4F1 /* 动态改变app icon(三) */ = {
			isa = PBXNativeTarget;
			buildConfigurationList = 29BC82341EC5A6000028D4F1 /* Build configuration list for PBXNativeTarget "动态改变app icon(三)" */;
			buildPhases = (
				29BC82191EC5A6000028D4F1 /* Sources */,
				29BC821A1EC5A6000028D4F1 /* Frameworks */,
				29BC821B1EC5A6000028D4F1 /* Resources */,
			);
			buildRules = (
			);
			dependencies = (
			);
			name = "动态改变app icon(三)";
			productName = "动态改变app icon(三)";
			productReference = 29BC821D1EC5A6000028D4F1 /* 动态改变app icon(三).app */;
			productType = "com.apple.product-type.application";
		};
/* End PBXNativeTarget section */

/* Begin PBXProject section */
		29BC82151EC5A6000028D4F1 /* Project object */ = {
			isa = PBXProject;
			attributes = {
				LastUpgradeCheck = 0830;
				ORGANIZATIONNAME = zxx_mbp;
				TargetAttributes = {
					29BC821C1EC5A6000028D4F1 = {
						CreatedOnToolsVersion = 8.3.2;
						DevelopmentTeam = K8MT65P2FF;
						ProvisioningStyle = Automatic;
					};
				};
			};
			buildConfigurationList = 29BC82181EC5A6000028D4F1 /* Build configuration list for PBXProject "动态改变app icon(三)" */;
			compatibilityVersion = "Xcode 3.2";
			developmentRegion = English;
			hasScannedForEncodings = 0;
			knownRegions = (
				en,
				Base,
			);
			mainGroup = 29BC82141EC5A6000028D4F1;
			productRefGroup = 29BC821E1EC5A6000028D4F1 /* Products */;
			projectDirPath = "";
			projectRoot = "";
			targets = (
				29BC821C1EC5A6000028D4F1 /* 动态改变app icon(三) */,
			);
		};
/* End PBXProject section */

/* Begin PBXResourcesBuildPhase section */
		29BC821B1EC5A6000028D4F1 /* Resources */ = {
			isa = PBXResourcesBuildPhase;
			buildActionMask = 2147483647;
			files = (
				29BC82471EC5A7470028D4F1 /* 晴60x60@3x.png in Resources */,
				29BC82451EC5A7470028D4F1 /* 晴40x40@3x.png in Resources */,
				29BC82301EC5A6000028D4F1 /* LaunchScreen.storyboard in Resources */,
				29BC82461EC5A7470028D4F1 /* 晴60x60@2x.png in Resources */,
				29BC822D1EC5A6000028D4F1 /* Assets.xcassets in Resources */,
				29BC824A1EC5A8D40028D4F1 /* Main.storyboard in Resources */,
				29BC82431EC5A7470028D4F1 /* 晴29x29@3x.png in Resources */,
				29BC82401EC5A7470028D4F1 /* 晴20x20@2x.png in Resources */,
				29BC82421EC5A7470028D4F1 /* 晴29x29@2x.png in Resources */,
				29BC82441EC5A7470028D4F1 /* 晴40x40@2x.png in Resources */,
				29BC82411EC5A7470028D4F1 /* 晴20x20@3x.png in Resources */,
			);
			runOnlyForDeploymentPostprocessing = 0;
		};
/* End PBXResourcesBuildPhase section */

/* Begin PBXSourcesBuildPhase section */
		29BC82191EC5A6000028D4F1 /* Sources */ = {
			isa = PBXSourcesBuildPhase;
			buildActionMask = 2147483647;
			files = (
				29BC82281EC5A6000028D4F1 /* ViewController.m in Sources */,
				29BC82251EC5A6000028D4F1 /* AppDelegate.m in Sources */,
				29BC82221EC5A6000028D4F1 /* main.m in Sources */,
			);
			runOnlyForDeploymentPostprocessing = 0;
		};
/* End PBXSourcesBuildPhase section */

/* Begin PBXVariantGroup section */
		29BC822E1EC5A6000028D4F1 /* LaunchScreen.storyboard */ = {
			isa = PBXVariantGroup;
			children = (
				29BC822F1EC5A6000028D4F1 /* Base */,
			);
			name = LaunchScreen.storyboard;
			sourceTree = "<group>";
		};
		29BC82481EC5A8D40028D4F1 /* Main.storyboard */ = {
			isa = PBXVariantGroup;
			children = (
				29BC82491EC5A8D40028D4F1 /* Base */,
			);
			name = Main.storyboard;
			sourceTree = "<group>";
		};
/* End PBXVariantGroup section */

/* Begin XCBuildConfiguration section */
		29BC82321EC5A6000028D4F1 /* Debug */ = {
			isa = XCBuildConfiguration;
			buildSettings = {
				ALWAYS_SEARCH_USER_PATHS = NO;
				CLANG_ANALYZER_NONNULL = YES;
				CLANG_ANALYZER_NUMBER_OBJECT_CONVERSION = YES_AGGRESSIVE;
				CLANG_CXX_LANGUAGE_STANDARD = "gnu++0x";
				CLANG_CXX_LIBRARY = "libc++";
				CLANG_ENABLE_MODULES = YES;
				CLANG_ENABLE_OBJC_ARC = YES;
				CLANG_WARN_BOOL_CONVERSION = YES;
				CLANG_WARN_CONSTANT_CONVERSION = YES;
				CLANG_WARN_DIRECT_OBJC_ISA_USAGE = YES_ERROR;
				CLANG_WARN_DOCUMENTATION_COMMENTS = YES;
				CLANG_WARN_EMPTY_BODY = YES;
				CLANG_WARN_ENUM_CONVERSION = YES;
				CLANG_WARN_INFINITE_RECURSION = YES;
				CLANG_WARN_INT_CONVERSION = YES;
				CLANG_WARN_OBJC_ROOT_CLASS = YES_ERROR;
				CLANG_WARN_SUSPICIOUS_MOVE = YES;
				CLANG_WARN_UNREACHABLE_CODE = YES;
				CLANG_WARN__DUPLICATE_METHOD_MATCH = YES;
				"CODE_SIGN_IDENTITY[sdk=iphoneos*]" = "iPhone Developer";
				COPY_PHASE_STRIP = NO;
				DEBUG_INFORMATION_FORMAT = dwarf;
				ENABLE_STRICT_OBJC_MSGSEND = YES;
				ENABLE_TESTABILITY = YES;
				GCC_C_LANGUAGE_STANDARD = gnu99;
				GCC_DYNAMIC_NO_PIC = NO;
				GCC_NO_COMMON_BLOCKS = YES;
				GCC_OPTIMIZATION_LEVEL = 0;
				GCC_PREPROCESSOR_DEFINITIONS = (
					"DEBUG=1",
					"$(inherited)",
				);
				GCC_WARN_64_TO_32_BIT_CONVERSION = YES;
				GCC_WARN_ABOUT_RETURN_TYPE = YES_ERROR;
				GCC_WARN_UNDECLARED_SELECTOR = YES;
				GCC_WARN_UNINITIALIZED_AUTOS = YES_AGGRESSIVE;
				GCC_WARN_UNUSED_FUNCTION = YES;
				GCC_WARN_UNUSED_VARIABLE = YES;
				IPHONEOS_DEPLOYMENT_TARGET = 10.3;
				MTL_ENABLE_DEBUG_INFO = YES;
				ONLY_ACTIVE_ARCH = YES;
				SDKROOT = iphoneos;
			};
			name = Debug;
		};
		29BC82331EC5A6000028D4F1 /* Release */ = {
			isa = XCBuildConfiguration;
			buildSettings = {
				ALWAYS_SEARCH_USER_PATHS = NO;
				CLANG_ANALYZER_NONNULL = YES;
				CLANG_ANALYZER_NUMBER_OBJECT_CONVERSION = YES_AGGRESSIVE;
				CLANG_CXX_LANGUAGE_STANDARD = "gnu++0x";
				CLANG_CXX_LIBRARY = "libc++";
				CLANG_ENABLE_MODULES = YES;
				CLANG_ENABLE_OBJC_ARC = YES;
				CLANG_WARN_BOOL_CONVERSION = YES;
				CLANG_WARN_CONSTANT_CONVERSION = YES;
				CLANG_WARN_DIRECT_OBJC_ISA_USAGE = YES_ERROR;
				CLANG_WARN_DOCUMENTATION_COMMENTS = YES;
				CLANG_WARN_EMPTY_BODY = YES;
				CLANG_WARN_ENUM_CONVERSION = YES;
				CLANG_WARN_INFINITE_RECURSION = YES;
				CLANG_WARN_INT_CONVERSION = YES;
				CLANG_WARN_OBJC_ROOT_CLASS = YES_ERROR;
				CLANG_WARN_SUSPICIOUS_MOVE = YES;
				CLANG_WARN_UNREACHABLE_CODE = YES;
				CLANG_WARN__DUPLICATE_METHOD_MATCH = YES;
				"CODE_SIGN_IDENTITY[sdk=iphoneos*]" = "iPhone Developer";
				COPY_PHASE_STRIP = NO;
				DEBUG_INFORMATION_FORMAT = "dwarf-with-dsym";
				ENABLE_NS_ASSERTIONS = NO;
				ENABLE_STRICT_OBJC_MSGSEND = YES;
				GCC_C_LANGUAGE_STANDARD = gnu99;
				GCC_NO_COMMON_BLOCKS = YES;
				GCC_WARN_64_TO_32_BIT_CONVERSION = YES;
				GCC_WARN_ABOUT_RETURN_TYPE = YES_ERROR;
				GCC_WARN_UNDECLARED_SELECTOR = YES;
				GCC_WARN_UNINITIALIZED_AUTOS = YES_AGGRESSIVE;
				GCC_WARN_UNUSED_FUNCTION = YES;
				GCC_WARN_UNUSED_VARIABLE = YES;
				IPHONEOS_DEPLOYMENT_TARGET = 10.3;
				MTL_ENABLE_DEBUG_INFO = NO;
				SDKROOT = iphoneos;
				VALIDATE_PRODUCT = YES;
			};
			name = Release;
		};
		29BC82351EC5A6000028D4F1 /* Debug */ = {
			isa = XCBuildConfiguration;
			buildSettings = {
				ASSETCATALOG_COMPILER_APPICON_NAME = AppIcon;
				DEVELOPMENT_TEAM = K8MT65P2FF;
				INFOPLIST_FILE = "动态改变app icon(三)/Info.plist";
				LD_RUNPATH_SEARCH_PATHS = "$(inherited) @executable_path/Frameworks";
				PRODUCT_BUNDLE_IDENTIFIER = "xtc.----app-icon---";
				PRODUCT_NAME = "$(TARGET_NAME)";
			};
			name = Debug;
		};
		29BC82361EC5A6000028D4F1 /* Release */ = {
			isa = XCBuildConfiguration;
			buildSettings = {
				ASSETCATALOG_COMPILER_APPICON_NAME = AppIcon;
				DEVELOPMENT_TEAM = K8MT65P2FF;
				INFOPLIST_FILE = "动态改变app icon(三)/Info.plist";
				LD_RUNPATH_SEARCH_PATHS = "$(inherited) @executable_path/Frameworks";
				PRODUCT_BUNDLE_IDENTIFIER = "xtc.----app-icon---";
				PRODUCT_NAME = "$(TARGET_NAME)";
			};
			name = Release;
		};
/* End XCBuildConfiguration section */

/* Begin XCConfigurationList section */
		29BC82181EC5A6000028D4F1 /* Build configuration list for PBXProject "动态改变app icon(三)" */ = {
			isa = XCConfigurationList;
			buildConfigurations = (
				29BC82321EC5A6000028D4F1 /* Debug */,
				29BC82331EC5A6000028D4F1 /* Release */,
			);
			defaultConfigurationIsVisible = 0;
			defaultConfigurationName = Release;
		};
		29BC82341EC5A6000028D4F1 /* Build configuration list for PBXNativeTarget "动态改变app icon(三)" */ = {
			isa = XCConfigurationList;
			buildConfigurations = (
				29BC82351EC5A6000028D4F1 /* Debug */,
				29BC82361EC5A6000028D4F1 /* Release */,
			);
			defaultConfigurationIsVisible = 0;
		};
/* End XCConfigurationList section */
	};
	rootObject = 29BC82151EC5A6000028D4F1 /* Project object */;
}
