// !$*UTF8*$!
{
	archiveVersion = 1;
	classes = {
	};
	objectVersion = 46;
	objects = {

/* Begin PBXBuildFile section */
		290722E41ED5B88E00C13E69 /* main.m in Sources */ = {isa = PBXBuildFile; fileRef = 290722E31ED5B88E00C13E69 /* main.m */; };
		290722E71ED5B88E00C13E69 /* AppDelegate.m in Sources */ = {isa = PBXBuildFile; fileRef = 290722E61ED5B88E00C13E69 /* AppDelegate.m */; };
		290722EA1ED5B88E00C13E69 /* ProgressLayerViewController.m in Sources */ = {isa = PBXBuildFile; fileRef = 290722E91ED5B88E00C13E69 /* ProgressLayerViewController.m */; };
		290722ED1ED5B88E00C13E69 /* Main.storyboard in Resources */ = {isa = PBXBuildFile; fileRef = 290722EB1ED5B88E00C13E69 /* Main.storyboard */; };
		290722EF1ED5B88E00C13E69 /* Assets.xcassets in Resources */ = {isa = PBXBuildFile; fileRef = 290722EE1ED5B88E00C13E69 /* Assets.xcassets */; };
		290722F21ED5B88E00C13E69 /* LaunchScreen.storyboard in Resources */ = {isa = PBXBuildFile; fileRef = 290722F01ED5B88E00C13E69 /* LaunchScreen.storyboard */; };
		290722FC1ED5B8F100C13E69 /* README in Resources */ = {isa = PBXBuildFile; fileRef = 290722FB1ED5B8F100C13E69 /* README */; };
		290E872B1ED6F8A40042C8F5 /* ZXProgressView.m in Sources */ = {isa = PBXBuildFile; fileRef = 290E872A1ED6F8A40042C8F5 /* ZXProgressView.m */; };
		290E872E1ED6F8DB0042C8F5 /* ZXProgressLayer.m in Sources */ = {isa = PBXBuildFile; fileRef = 290E872D1ED6F8DB0042C8F5 /* ZXProgressLayer.m */; };
/* End PBXBuildFile section */

/* Begin PBXFileReference section */
		290722DF1ED5B88E00C13E69 /* 核心动画CoreAnimation之CALayer应用.app */ = {isa = PBXFileReference; explicitFileType = wrapper.application; includeInIndex = 0; path = "核心动画CoreAnimation之CALayer应用.app"; sourceTree = BUILT_PRODUCTS_DIR; };
		290722E31ED5B88E00C13E69 /* main.m */ = {isa = PBXFileReference; lastKnownFileType = sourcecode.c.objc; path = main.m; sourceTree = "<group>"; };
		290722E51ED5B88E00C13E69 /* AppDelegate.h */ = {isa = PBXFileReference; lastKnownFileType = sourcecode.c.h; path = AppDelegate.h; sourceTree = "<group>"; };
		290722E61ED5B88E00C13E69 /* AppDelegate.m */ = {isa = PBXFileReference; lastKnownFileType = sourcecode.c.objc; path = AppDelegate.m; sourceTree = "<group>"; };
		290722E81ED5B88E00C13E69 /* ProgressLayerViewController.h */ = {isa = PBXFileReference; lastKnownFileType = sourcecode.c.h; path = ProgressLayerViewController.h; sourceTree = "<group>"; };
		290722E91ED5B88E00C13E69 /* ProgressLayerViewController.m */ = {isa = PBXFileReference; lastKnownFileType = sourcecode.c.objc; path = ProgressLayerViewController.m; sourceTree = "<group>"; };
		290722EC1ED5B88E00C13E69 /* Base */ = {isa = PBXFileReference; lastKnownFileType = file.storyboard; name = Base; path = Base.lproj/Main.storyboard; sourceTree = "<group>"; };
		290722EE1ED5B88E00C13E69 /* Assets.xcassets */ = {isa = PBXFileReference; lastKnownFileType = folder.assetcatalog; path = Assets.xcassets; sourceTree = "<group>"; };
		290722F11ED5B88E00C13E69 /* Base */ = {isa = PBXFileReference; lastKnownFileType = file.storyboard; name = Base; path = Base.lproj/LaunchScreen.storyboard; sourceTree = "<group>"; };
		290722F31ED5B88E00C13E69 /* Info.plist */ = {isa = PBXFileReference; lastKnownFileType = text.plist.xml; path = Info.plist; sourceTree = "<group>"; };
		290722FB1ED5B8F100C13E69 /* README */ = {isa = PBXFileReference; fileEncoding = 4; lastKnownFileType = text; path = README; sourceTree = "<group>"; };
		290E87291ED6F8A40042C8F5 /* ZXProgressView.h */ = {isa = PBXFileReference; fileEncoding = 4; lastKnownFileType = sourcecode.c.h; path = ZXProgressView.h; sourceTree = "<group>"; };
		290E872A1ED6F8A40042C8F5 /* ZXProgressView.m */ = {isa = PBXFileReference; fileEncoding = 4; lastKnownFileType = sourcecode.c.objc; path = ZXProgressView.m; sourceTree = "<group>"; };
		290E872C1ED6F8DB0042C8F5 /* ZXProgressLayer.h */ = {isa = PBXFileReference; fileEncoding = 4; lastKnownFileType = sourcecode.c.h; path = ZXProgressLayer.h; sourceTree = "<group>"; };
		290E872D1ED6F8DB0042C8F5 /* ZXProgressLayer.m */ = {isa = PBXFileReference; fileEncoding = 4; lastKnownFileType = sourcecode.c.objc; path = ZXProgressLayer.m; sourceTree = "<group>"; };
/* End PBXFileReference section */

/* Begin PBXFrameworksBuildPhase section */
		290722DC1ED5B88E00C13E69 /* Frameworks */ = {
			isa = PBXFrameworksBuildPhase;
			buildActionMask = 2147483647;
			files = (
			);
			runOnlyForDeploymentPostprocessing = 0;
		};
/* End PBXFrameworksBuildPhase section */

/* Begin PBXGroup section */
		290722D61ED5B88E00C13E69 = {
			isa = PBXGroup;
			children = (
				290722FB1ED5B8F100C13E69 /* README */,
				290722E11ED5B88E00C13E69 /* 核心动画CoreAnimation之CALayer应用 */,
				290722E01ED5B88E00C13E69 /* Products */,
			);
			sourceTree = "<group>";
		};
		290722E01ED5B88E00C13E69 /* Products */ = {
			isa = PBXGroup;
			children = (
				290722DF1ED5B88E00C13E69 /* 核心动画CoreAnimation之CALayer应用.app */,
			);
			name = Products;
			sourceTree = "<group>";
		};
		290722E11ED5B88E00C13E69 /* 核心动画CoreAnimation之CALayer应用 */ = {
			isa = PBXGroup;
			children = (
				290722E51ED5B88E00C13E69 /* AppDelegate.h */,
				290722E61ED5B88E00C13E69 /* AppDelegate.m */,
				290722E81ED5B88E00C13E69 /* ProgressLayerViewController.h */,
				290722E91ED5B88E00C13E69 /* ProgressLayerViewController.m */,
				290E87291ED6F8A40042C8F5 /* ZXProgressView.h */,
				290E872A1ED6F8A40042C8F5 /* ZXProgressView.m */,
				290E872C1ED6F8DB0042C8F5 /* ZXProgressLayer.h */,
				290E872D1ED6F8DB0042C8F5 /* ZXProgressLayer.m */,
				290722EB1ED5B88E00C13E69 /* Main.storyboard */,
				290722EE1ED5B88E00C13E69 /* Assets.xcassets */,
				290722F01ED5B88E00C13E69 /* LaunchScreen.storyboard */,
				290722F31ED5B88E00C13E69 /* Info.plist */,
				290722E21ED5B88E00C13E69 /* Supporting Files */,
			);
			path = "核心动画CoreAnimation之CALayer应用";
			sourceTree = "<group>";
		};
		290722E21ED5B88E00C13E69 /* Supporting Files */ = {
			isa = PBXGroup;
			children = (
				290722E31ED5B88E00C13E69 /* main.m */,
			);
			name = "Supporting Files";
			sourceTree = "<group>";
		};
/* End PBXGroup section */

/* Begin PBXNativeTarget section */
		290722DE1ED5B88E00C13E69 /* 核心动画CoreAnimation之CALayer应用 */ = {
			isa = PBXNativeTarget;
			buildConfigurationList = 290722F61ED5B88E00C13E69 /* Build configuration list for PBXNativeTarget "核心动画CoreAnimation之CALayer应用" */;
			buildPhases = (
				290722DB1ED5B88E00C13E69 /* Sources */,
				290722DC1ED5B88E00C13E69 /* Frameworks */,
				290722DD1ED5B88E00C13E69 /* Resources */,
			);
			buildRules = (
			);
			dependencies = (
			);
			name = "核心动画CoreAnimation之CALayer应用";
			productName = "核心动画CoreAnimation之CALayer应用";
			productReference = 290722DF1ED5B88E00C13E69 /* 核心动画CoreAnimation之CALayer应用.app */;
			productType = "com.apple.product-type.application";
		};
/* End PBXNativeTarget section */

/* Begin PBXProject section */
		290722D71ED5B88E00C13E69 /* Project object */ = {
			isa = PBXProject;
			attributes = {
				LastUpgradeCheck = 0830;
				ORGANIZATIONNAME = zxx_mbp;
				TargetAttributes = {
					290722DE1ED5B88E00C13E69 = {
						CreatedOnToolsVersion = 8.3.2;
						DevelopmentTeam = K8MT65P2FF;
						ProvisioningStyle = Automatic;
					};
				};
			};
			buildConfigurationList = 290722DA1ED5B88E00C13E69 /* Build configuration list for PBXProject "核心动画CoreAnimation之CALayer应用" */;
			compatibilityVersion = "Xcode 3.2";
			developmentRegion = English;
			hasScannedForEncodings = 0;
			knownRegions = (
				en,
				Base,
			);
			mainGroup = 290722D61ED5B88E00C13E69;
			productRefGroup = 290722E01ED5B88E00C13E69 /* Products */;
			projectDirPath = "";
			projectRoot = "";
			targets = (
				290722DE1ED5B88E00C13E69 /* 核心动画CoreAnimation之CALayer应用 */,
			);
		};
/* End PBXProject section */

/* Begin PBXResourcesBuildPhase section */
		290722DD1ED5B88E00C13E69 /* Resources */ = {
			isa = PBXResourcesBuildPhase;
			buildActionMask = 2147483647;
			files = (
				290722FC1ED5B8F100C13E69 /* README in Resources */,
				290722F21ED5B88E00C13E69 /* LaunchScreen.storyboard in Resources */,
				290722EF1ED5B88E00C13E69 /* Assets.xcassets in Resources */,
				290722ED1ED5B88E00C13E69 /* Main.storyboard in Resources */,
			);
			runOnlyForDeploymentPostprocessing = 0;
		};
/* End PBXResourcesBuildPhase section */

/* Begin PBXSourcesBuildPhase section */
		290722DB1ED5B88E00C13E69 /* Sources */ = {
			isa = PBXSourcesBuildPhase;
			buildActionMask = 2147483647;
			files = (
				290E872E1ED6F8DB0042C8F5 /* ZXProgressLayer.m in Sources */,
				290722EA1ED5B88E00C13E69 /* ProgressLayerViewController.m in Sources */,
				290E872B1ED6F8A40042C8F5 /* ZXProgressView.m in Sources */,
				290722E71ED5B88E00C13E69 /* AppDelegate.m in Sources */,
				290722E41ED5B88E00C13E69 /* main.m in Sources */,
			);
			runOnlyForDeploymentPostprocessing = 0;
		};
/* End PBXSourcesBuildPhase section */

/* Begin PBXVariantGroup section */
		290722EB1ED5B88E00C13E69 /* Main.storyboard */ = {
			isa = PBXVariantGroup;
			children = (
				290722EC1ED5B88E00C13E69 /* Base */,
			);
			name = Main.storyboard;
			sourceTree = "<group>";
		};
		290722F01ED5B88E00C13E69 /* LaunchScreen.storyboard */ = {
			isa = PBXVariantGroup;
			children = (
				290722F11ED5B88E00C13E69 /* Base */,
			);
			name = LaunchScreen.storyboard;
			sourceTree = "<group>";
		};
/* End PBXVariantGroup section */

/* Begin XCBuildConfiguration section */
		290722F41ED5B88E00C13E69 /* Debug */ = {
			isa = XCBuildConfiguration;
			buildSettings = {
				ALWAYS_SEARCH_USER_PATHS = NO;
				CLANG_ANALYZER_NONNULL = YES;
				CLANG_ANALYZER_NUMBER_OBJECT_CONVERSION = YES_AGGRESSIVE;
				CLANG_CXX_LANGUAGE_STANDARD = "gnu++0x";
				CLANG_CXX_LIBRARY = "libc++";
				CLANG_ENABLE_MODULES = YES;
				CLANG_ENABLE_OBJC_ARC = YES;
				CLANG_WARN_BOOL_CONVERSION = YES;
				CLANG_WARN_CONSTANT_CONVERSION = YES;
				CLANG_WARN_DIRECT_OBJC_ISA_USAGE = YES_ERROR;
				CLANG_WARN_DOCUMENTATION_COMMENTS = YES;
				CLANG_WARN_EMPTY_BODY = YES;
				CLANG_WARN_ENUM_CONVERSION = YES;
				CLANG_WARN_INFINITE_RECURSION = YES;
				CLANG_WARN_INT_CONVERSION = YES;
				CLANG_WARN_OBJC_ROOT_CLASS = YES_ERROR;
				CLANG_WARN_SUSPICIOUS_MOVE = YES;
				CLANG_WARN_UNREACHABLE_CODE = YES;
				CLANG_WARN__DUPLICATE_METHOD_MATCH = YES;
				"CODE_SIGN_IDENTITY[sdk=iphoneos*]" = "iPhone Developer";
				COPY_PHASE_STRIP = NO;
				DEBUG_INFORMATION_FORMAT = dwarf;
				ENABLE_STRICT_OBJC_MSGSEND = YES;
				ENABLE_TESTABILITY = YES;
				GCC_C_LANGUAGE_STANDARD = gnu99;
				GCC_DYNAMIC_NO_PIC = NO;
				GCC_NO_COMMON_BLOCKS = YES;
				GCC_OPTIMIZATION_LEVEL = 0;
				GCC_PREPROCESSOR_DEFINITIONS = (
					"DEBUG=1",
					"$(inherited)",
				);
				GCC_WARN_64_TO_32_BIT_CONVERSION = YES;
				GCC_WARN_ABOUT_RETURN_TYPE = YES_ERROR;
				GCC_WARN_UNDECLARED_SELECTOR = YES;
				GCC_WARN_UNINITIALIZED_AUTOS = YES_AGGRESSIVE;
				GCC_WARN_UNUSED_FUNCTION = YES;
				GCC_WARN_UNUSED_VARIABLE = YES;
				IPHONEOS_DEPLOYMENT_TARGET = 10.3;
				MTL_ENABLE_DEBUG_INFO = YES;
				ONLY_ACTIVE_ARCH = YES;
				SDKROOT = iphoneos;
			};
			name = Debug;
		};
		290722F51ED5B88E00C13E69 /* Release */ = {
			isa = XCBuildConfiguration;
			buildSettings = {
				ALWAYS_SEARCH_USER_PATHS = NO;
				CLANG_ANALYZER_NONNULL = YES;
				CLANG_ANALYZER_NUMBER_OBJECT_CONVERSION = YES_AGGRESSIVE;
				CLANG_CXX_LANGUAGE_STANDARD = "gnu++0x";
				CLANG_CXX_LIBRARY = "libc++";
				CLANG_ENABLE_MODULES = YES;
				CLANG_ENABLE_OBJC_ARC = YES;
				CLANG_WARN_BOOL_CONVERSION = YES;
				CLANG_WARN_CONSTANT_CONVERSION = YES;
				CLANG_WARN_DIRECT_OBJC_ISA_USAGE = YES_ERROR;
				CLANG_WARN_DOCUMENTATION_COMMENTS = YES;
				CLANG_WARN_EMPTY_BODY = YES;
				CLANG_WARN_ENUM_CONVERSION = YES;
				CLANG_WARN_INFINITE_RECURSION = YES;
				CLANG_WARN_INT_CONVERSION = YES;
				CLANG_WARN_OBJC_ROOT_CLASS = YES_ERROR;
				CLANG_WARN_SUSPICIOUS_MOVE = YES;
				CLANG_WARN_UNREACHABLE_CODE = YES;
				CLANG_WARN__DUPLICATE_METHOD_MATCH = YES;
				"CODE_SIGN_IDENTITY[sdk=iphoneos*]" = "iPhone Developer";
				COPY_PHASE_STRIP = NO;
				DEBUG_INFORMATION_FORMAT = "dwarf-with-dsym";
				ENABLE_NS_ASSERTIONS = NO;
				ENABLE_STRICT_OBJC_MSGSEND = YES;
				GCC_C_LANGUAGE_STANDARD = gnu99;
				GCC_NO_COMMON_BLOCKS = YES;
				GCC_WARN_64_TO_32_BIT_CONVERSION = YES;
				GCC_WARN_ABOUT_RETURN_TYPE = YES_ERROR;
				GCC_WARN_UNDECLARED_SELECTOR = YES;
				GCC_WARN_UNINITIALIZED_AUTOS = YES_AGGRESSIVE;
				GCC_WARN_UNUSED_FUNCTION = YES;
				GCC_WARN_UNUSED_VARIABLE = YES;
				IPHONEOS_DEPLOYMENT_TARGET = 10.3;
				MTL_ENABLE_DEBUG_INFO = NO;
				SDKROOT = iphoneos;
				VALIDATE_PRODUCT = YES;
			};
			name = Release;
		};
		290722F71ED5B88E00C13E69 /* Debug */ = {
			isa = XCBuildConfiguration;
			buildSettings = {
				ASSETCATALOG_COMPILER_APPICON_NAME = AppIcon;
				DEVELOPMENT_TEAM = K8MT65P2FF;
				INFOPLIST_FILE = "核心动画CoreAnimation之CALayer应用/Info.plist";
				LD_RUNPATH_SEARCH_PATHS = "$(inherited) @executable_path/Frameworks";
				PRODUCT_BUNDLE_IDENTIFIER = "xtc.----CoreAnimation-CALayer--";
				PRODUCT_NAME = "$(TARGET_NAME)";
			};
			name = Debug;
		};
		290722F81ED5B88E00C13E69 /* Release */ = {
			isa = XCBuildConfiguration;
			buildSettings = {
				ASSETCATALOG_COMPILER_APPICON_NAME = AppIcon;
				DEVELOPMENT_TEAM = K8MT65P2FF;
				INFOPLIST_FILE = "核心动画CoreAnimation之CALayer应用/Info.plist";
				LD_RUNPATH_SEARCH_PATHS = "$(inherited) @executable_path/Frameworks";
				PRODUCT_BUNDLE_IDENTIFIER = "xtc.----CoreAnimation-CALayer--";
				PRODUCT_NAME = "$(TARGET_NAME)";
			};
			name = Release;
		};
/* End XCBuildConfiguration section */

/* Begin XCConfigurationList section */
		290722DA1ED5B88E00C13E69 /* Build configuration list for PBXProject "核心动画CoreAnimation之CALayer应用" */ = {
			isa = XCConfigurationList;
			buildConfigurations = (
				290722F41ED5B88E00C13E69 /* Debug */,
				290722F51ED5B88E00C13E69 /* Release */,
			);
			defaultConfigurationIsVisible = 0;
			defaultConfigurationName = Release;
		};
		290722F61ED5B88E00C13E69 /* Build configuration list for PBXNativeTarget "核心动画CoreAnimation之CALayer应用" */ = {
			isa = XCConfigurationList;
			buildConfigurations = (
				290722F71ED5B88E00C13E69 /* Debug */,
				290722F81ED5B88E00C13E69 /* Release */,
			);
			defaultConfigurationIsVisible = 0;
			defaultConfigurationName = Release;
		};
/* End XCConfigurationList section */
	};
	rootObject = 290722D71ED5B88E00C13E69 /* Project object */;
}
