// !$*UTF8*$!
{
	archiveVersion = 1;
	classes = {
	};
	objectVersion = 46;
	objects = {

/* Begin PBXBuildFile section */
		294C22F81EBF0DA600DADA84 /* main.m in Sources */ = {isa = PBXBuildFile; fileRef = 294C22F71EBF0DA600DADA84 /* main.m */; };
		294C22FB1EBF0DA600DADA84 /* AdvanceAnimAppDelegate.m in Sources */ = {isa = PBXBuildFile; fileRef = 294C22FA1EBF0DA600DADA84 /* AdvanceAnimAppDelegate.m */; };
		294C22FE1EBF0DA600DADA84 /* ViewController.m in Sources */ = {isa = PBXBuildFile; fileRef = 294C22FD1EBF0DA600DADA84 /* ViewController.m */; };
		294C23011EBF0DA600DADA84 /* Main.storyboard in Resources */ = {isa = PBXBuildFile; fileRef = 294C22FF1EBF0DA600DADA84 /* Main.storyboard */; };
		294C23031EBF0DA600DADA84 /* Assets.xcassets in Resources */ = {isa = PBXBuildFile; fileRef = 294C23021EBF0DA600DADA84 /* Assets.xcassets */; };
		294C23061EBF0DA600DADA84 /* LaunchScreen.storyboard in Resources */ = {isa = PBXBuildFile; fileRef = 294C23041EBF0DA600DADA84 /* LaunchScreen.storyboard */; };
		294C230F1EBF10E200DADA84 /* OpenGLES.framework in Frameworks */ = {isa = PBXBuildFile; fileRef = 294C230E1EBF10E200DADA84 /* OpenGLES.framework */; };
		294C23111EBF10F100DADA84 /* QuartzCore.framework in Frameworks */ = {isa = PBXBuildFile; fileRef = 294C23101EBF10F100DADA84 /* QuartzCore.framework */; };
		294C23131EBF10FA00DADA84 /* CoreFoundation.framework in Frameworks */ = {isa = PBXBuildFile; fileRef = 294C23121EBF10FA00DADA84 /* CoreFoundation.framework */; };
		294C23161EBF13D100DADA84 /* HMGLTransitionManager.m in Sources */ = {isa = PBXBuildFile; fileRef = 294C23151EBF13D100DADA84 /* HMGLTransitionManager.m */; };
		294C23191EBF13E500DADA84 /* DoorsTransition.m in Sources */ = {isa = PBXBuildFile; fileRef = 294C23181EBF13E500DADA84 /* DoorsTransition.m */; };
		294C231C1EBF13FE00DADA84 /* ClothTransition.m in Sources */ = {isa = PBXBuildFile; fileRef = 294C231B1EBF13FE00DADA84 /* ClothTransition.m */; };
		294C231F1EBF141300DADA84 /* FlipTransition.m in Sources */ = {isa = PBXBuildFile; fileRef = 294C231E1EBF141300DADA84 /* FlipTransition.m */; };
		294C23221EBF142600DADA84 /* RotateTransition.m in Sources */ = {isa = PBXBuildFile; fileRef = 294C23211EBF142600DADA84 /* RotateTransition.m */; };
		294C23251EBF143500DADA84 /* Switch3DTransition.m in Sources */ = {isa = PBXBuildFile; fileRef = 294C23241EBF143500DADA84 /* Switch3DTransition.m */; };
		294C23281EBF145000DADA84 /* HMGLTransitionView.m in Sources */ = {isa = PBXBuildFile; fileRef = 294C23271EBF145000DADA84 /* HMGLTransitionView.m */; };
/* End PBXBuildFile section */

/* Begin PBXFileReference section */
		294C22F31EBF0DA600DADA84 /* 高级动画.app */ = {isa = PBXFileReference; explicitFileType = wrapper.application; includeInIndex = 0; path = "高级动画.app"; sourceTree = BUILT_PRODUCTS_DIR; };
		294C22F71EBF0DA600DADA84 /* main.m */ = {isa = PBXFileReference; lastKnownFileType = sourcecode.c.objc; path = main.m; sourceTree = "<group>"; };
		294C22F91EBF0DA600DADA84 /* AdvanceAnimAppDelegate.h */ = {isa = PBXFileReference; lastKnownFileType = sourcecode.c.h; path = AdvanceAnimAppDelegate.h; sourceTree = "<group>"; };
		294C22FA1EBF0DA600DADA84 /* AdvanceAnimAppDelegate.m */ = {isa = PBXFileReference; lastKnownFileType = sourcecode.c.objc; path = AdvanceAnimAppDelegate.m; sourceTree = "<group>"; };
		294C22FC1EBF0DA600DADA84 /* ViewController.h */ = {isa = PBXFileReference; lastKnownFileType = sourcecode.c.h; path = ViewController.h; sourceTree = "<group>"; };
		294C22FD1EBF0DA600DADA84 /* ViewController.m */ = {isa = PBXFileReference; lastKnownFileType = sourcecode.c.objc; path = ViewController.m; sourceTree = "<group>"; };
		294C23001EBF0DA600DADA84 /* Base */ = {isa = PBXFileReference; lastKnownFileType = file.storyboard; name = Base; path = Base.lproj/Main.storyboard; sourceTree = "<group>"; };
		294C23021EBF0DA600DADA84 /* Assets.xcassets */ = {isa = PBXFileReference; lastKnownFileType = folder.assetcatalog; path = Assets.xcassets; sourceTree = "<group>"; };
		294C23051EBF0DA600DADA84 /* Base */ = {isa = PBXFileReference; lastKnownFileType = file.storyboard; name = Base; path = Base.lproj/LaunchScreen.storyboard; sourceTree = "<group>"; };
		294C23071EBF0DA600DADA84 /* Info.plist */ = {isa = PBXFileReference; lastKnownFileType = text.plist.xml; path = Info.plist; sourceTree = "<group>"; };
		294C230E1EBF10E200DADA84 /* OpenGLES.framework */ = {isa = PBXFileReference; lastKnownFileType = wrapper.framework; name = OpenGLES.framework; path = System/Library/Frameworks/OpenGLES.framework; sourceTree = SDKROOT; };
		294C23101EBF10F100DADA84 /* QuartzCore.framework */ = {isa = PBXFileReference; lastKnownFileType = wrapper.framework; name = QuartzCore.framework; path = System/Library/Frameworks/QuartzCore.framework; sourceTree = SDKROOT; };
		294C23121EBF10FA00DADA84 /* CoreFoundation.framework */ = {isa = PBXFileReference; lastKnownFileType = wrapper.framework; name = CoreFoundation.framework; path = System/Library/Frameworks/CoreFoundation.framework; sourceTree = SDKROOT; };
		294C23141EBF13D100DADA84 /* HMGLTransitionManager.h */ = {isa = PBXFileReference; fileEncoding = 4; lastKnownFileType = sourcecode.c.h; path = HMGLTransitionManager.h; sourceTree = "<group>"; };
		294C23151EBF13D100DADA84 /* HMGLTransitionManager.m */ = {isa = PBXFileReference; fileEncoding = 4; lastKnownFileType = sourcecode.c.objc; path = HMGLTransitionManager.m; sourceTree = "<group>"; };
		294C23171EBF13E500DADA84 /* DoorsTransition.h */ = {isa = PBXFileReference; fileEncoding = 4; lastKnownFileType = sourcecode.c.h; path = DoorsTransition.h; sourceTree = "<group>"; };
		294C23181EBF13E500DADA84 /* DoorsTransition.m */ = {isa = PBXFileReference; fileEncoding = 4; lastKnownFileType = sourcecode.c.objc; path = DoorsTransition.m; sourceTree = "<group>"; };
		294C231A1EBF13FE00DADA84 /* ClothTransition.h */ = {isa = PBXFileReference; fileEncoding = 4; lastKnownFileType = sourcecode.c.h; path = ClothTransition.h; sourceTree = "<group>"; };
		294C231B1EBF13FE00DADA84 /* ClothTransition.m */ = {isa = PBXFileReference; fileEncoding = 4; lastKnownFileType = sourcecode.c.objc; path = ClothTransition.m; sourceTree = "<group>"; };
		294C231D1EBF141300DADA84 /* FlipTransition.h */ = {isa = PBXFileReference; fileEncoding = 4; lastKnownFileType = sourcecode.c.h; path = FlipTransition.h; sourceTree = "<group>"; };
		294C231E1EBF141300DADA84 /* FlipTransition.m */ = {isa = PBXFileReference; fileEncoding = 4; lastKnownFileType = sourcecode.c.objc; path = FlipTransition.m; sourceTree = "<group>"; };
		294C23201EBF142600DADA84 /* RotateTransition.h */ = {isa = PBXFileReference; fileEncoding = 4; lastKnownFileType = sourcecode.c.h; path = RotateTransition.h; sourceTree = "<group>"; };
		294C23211EBF142600DADA84 /* RotateTransition.m */ = {isa = PBXFileReference; fileEncoding = 4; lastKnownFileType = sourcecode.c.objc; path = RotateTransition.m; sourceTree = "<group>"; };
		294C23231EBF143500DADA84 /* Switch3DTransition.h */ = {isa = PBXFileReference; fileEncoding = 4; lastKnownFileType = sourcecode.c.h; path = Switch3DTransition.h; sourceTree = "<group>"; };
		294C23241EBF143500DADA84 /* Switch3DTransition.m */ = {isa = PBXFileReference; fileEncoding = 4; lastKnownFileType = sourcecode.c.objc; path = Switch3DTransition.m; sourceTree = "<group>"; };
		294C23261EBF145000DADA84 /* HMGLTransitionView.h */ = {isa = PBXFileReference; fileEncoding = 4; lastKnownFileType = sourcecode.c.h; path = HMGLTransitionView.h; sourceTree = "<group>"; };
		294C23271EBF145000DADA84 /* HMGLTransitionView.m */ = {isa = PBXFileReference; fileEncoding = 4; lastKnownFileType = sourcecode.c.objc; path = HMGLTransitionView.m; sourceTree = "<group>"; };
/* End PBXFileReference section */

/* Begin PBXFrameworksBuildPhase section */
		294C22F01EBF0DA600DADA84 /* Frameworks */ = {
			isa = PBXFrameworksBuildPhase;
			buildActionMask = 2147483647;
			files = (
				294C23131EBF10FA00DADA84 /* CoreFoundation.framework in Frameworks */,
				294C23111EBF10F100DADA84 /* QuartzCore.framework in Frameworks */,
				294C230F1EBF10E200DADA84 /* OpenGLES.framework in Frameworks */,
			);
			runOnlyForDeploymentPostprocessing = 0;
		};
/* End PBXFrameworksBuildPhase section */

/* Begin PBXGroup section */
		294C22EA1EBF0DA600DADA84 = {
			isa = PBXGroup;
			children = (
				294C22F51EBF0DA600DADA84 /* 高级动画 */,
				294C22F41EBF0DA600DADA84 /* Products */,
				294C230D1EBF10E200DADA84 /* Frameworks */,
			);
			sourceTree = "<group>";
		};
		294C22F41EBF0DA600DADA84 /* Products */ = {
			isa = PBXGroup;
			children = (
				294C22F31EBF0DA600DADA84 /* 高级动画.app */,
			);
			name = Products;
			sourceTree = "<group>";
		};
		294C22F51EBF0DA600DADA84 /* 高级动画 */ = {
			isa = PBXGroup;
			children = (
				294C22F91EBF0DA600DADA84 /* AdvanceAnimAppDelegate.h */,
				294C22FA1EBF0DA600DADA84 /* AdvanceAnimAppDelegate.m */,
				294C22FC1EBF0DA600DADA84 /* ViewController.h */,
				294C22FD1EBF0DA600DADA84 /* ViewController.m */,
				294C23141EBF13D100DADA84 /* HMGLTransitionManager.h */,
				294C23151EBF13D100DADA84 /* HMGLTransitionManager.m */,
				294C23171EBF13E500DADA84 /* DoorsTransition.h */,
				294C23181EBF13E500DADA84 /* DoorsTransition.m */,
				294C231A1EBF13FE00DADA84 /* ClothTransition.h */,
				294C231B1EBF13FE00DADA84 /* ClothTransition.m */,
				294C231D1EBF141300DADA84 /* FlipTransition.h */,
				294C231E1EBF141300DADA84 /* FlipTransition.m */,
				294C23201EBF142600DADA84 /* RotateTransition.h */,
				294C23211EBF142600DADA84 /* RotateTransition.m */,
				294C23231EBF143500DADA84 /* Switch3DTransition.h */,
				294C23241EBF143500DADA84 /* Switch3DTransition.m */,
				294C23261EBF145000DADA84 /* HMGLTransitionView.h */,
				294C23271EBF145000DADA84 /* HMGLTransitionView.m */,
				294C22FF1EBF0DA600DADA84 /* Main.storyboard */,
				294C23021EBF0DA600DADA84 /* Assets.xcassets */,
				294C23041EBF0DA600DADA84 /* LaunchScreen.storyboard */,
				294C23071EBF0DA600DADA84 /* Info.plist */,
				294C22F61EBF0DA600DADA84 /* Supporting Files */,
			);
			path = "高级动画";
			sourceTree = "<group>";
		};
		294C22F61EBF0DA600DADA84 /* Supporting Files */ = {
			isa = PBXGroup;
			children = (
				294C22F71EBF0DA600DADA84 /* main.m */,
			);
			name = "Supporting Files";
			sourceTree = "<group>";
		};
		294C230D1EBF10E200DADA84 /* Frameworks */ = {
			isa = PBXGroup;
			children = (
				294C23121EBF10FA00DADA84 /* CoreFoundation.framework */,
				294C23101EBF10F100DADA84 /* QuartzCore.framework */,
				294C230E1EBF10E200DADA84 /* OpenGLES.framework */,
			);
			name = Frameworks;
			sourceTree = "<group>";
		};
/* End PBXGroup section */

/* Begin PBXNativeTarget section */
		294C22F21EBF0DA600DADA84 /* 高级动画 */ = {
			isa = PBXNativeTarget;
			buildConfigurationList = 294C230A1EBF0DA600DADA84 /* Build configuration list for PBXNativeTarget "高级动画" */;
			buildPhases = (
				294C22EF1EBF0DA600DADA84 /* Sources */,
				294C22F01EBF0DA600DADA84 /* Frameworks */,
				294C22F11EBF0DA600DADA84 /* Resources */,
			);
			buildRules = (
			);
			dependencies = (
			);
			name = "高级动画";
			productName = "高级动画";
			productReference = 294C22F31EBF0DA600DADA84 /* 高级动画.app */;
			productType = "com.apple.product-type.application";
		};
/* End PBXNativeTarget section */

/* Begin PBXProject section */
		294C22EB1EBF0DA600DADA84 /* Project object */ = {
			isa = PBXProject;
			attributes = {
				LastUpgradeCheck = 0830;
				ORGANIZATIONNAME = zxx_mbp;
				TargetAttributes = {
					294C22F21EBF0DA600DADA84 = {
						CreatedOnToolsVersion = 8.3.2;
						DevelopmentTeam = K8MT65P2FF;
						ProvisioningStyle = Automatic;
					};
				};
			};
			buildConfigurationList = 294C22EE1EBF0DA600DADA84 /* Build configuration list for PBXProject "高级动画" */;
			compatibilityVersion = "Xcode 3.2";
			developmentRegion = English;
			hasScannedForEncodings = 0;
			knownRegions = (
				en,
				Base,
			);
			mainGroup = 294C22EA1EBF0DA600DADA84;
			productRefGroup = 294C22F41EBF0DA600DADA84 /* Products */;
			projectDirPath = "";
			projectRoot = "";
			targets = (
				294C22F21EBF0DA600DADA84 /* 高级动画 */,
			);
		};
/* End PBXProject section */

/* Begin PBXResourcesBuildPhase section */
		294C22F11EBF0DA600DADA84 /* Resources */ = {
			isa = PBXResourcesBuildPhase;
			buildActionMask = 2147483647;
			files = (
				294C23061EBF0DA600DADA84 /* LaunchScreen.storyboard in Resources */,
				294C23031EBF0DA600DADA84 /* Assets.xcassets in Resources */,
				294C23011EBF0DA600DADA84 /* Main.storyboard in Resources */,
			);
			runOnlyForDeploymentPostprocessing = 0;
		};
/* End PBXResourcesBuildPhase section */

/* Begin PBXSourcesBuildPhase section */
		294C22EF1EBF0DA600DADA84 /* Sources */ = {
			isa = PBXSourcesBuildPhase;
			buildActionMask = 2147483647;
			files = (
				294C23161EBF13D100DADA84 /* HMGLTransitionManager.m in Sources */,
				294C22FE1EBF0DA600DADA84 /* ViewController.m in Sources */,
				294C23191EBF13E500DADA84 /* DoorsTransition.m in Sources */,
				294C22FB1EBF0DA600DADA84 /* AdvanceAnimAppDelegate.m in Sources */,
				294C231F1EBF141300DADA84 /* FlipTransition.m in Sources */,
				294C23251EBF143500DADA84 /* Switch3DTransition.m in Sources */,
				294C22F81EBF0DA600DADA84 /* main.m in Sources */,
				294C231C1EBF13FE00DADA84 /* ClothTransition.m in Sources */,
				294C23221EBF142600DADA84 /* RotateTransition.m in Sources */,
				294C23281EBF145000DADA84 /* HMGLTransitionView.m in Sources */,
			);
			runOnlyForDeploymentPostprocessing = 0;
		};
/* End PBXSourcesBuildPhase section */

/* Begin PBXVariantGroup section */
		294C22FF1EBF0DA600DADA84 /* Main.storyboard */ = {
			isa = PBXVariantGroup;
			children = (
				294C23001EBF0DA600DADA84 /* Base */,
			);
			name = Main.storyboard;
			sourceTree = "<group>";
		};
		294C23041EBF0DA600DADA84 /* LaunchScreen.storyboard */ = {
			isa = PBXVariantGroup;
			children = (
				294C23051EBF0DA600DADA84 /* Base */,
			);
			name = LaunchScreen.storyboard;
			sourceTree = "<group>";
		};
/* End PBXVariantGroup section */

/* Begin XCBuildConfiguration section */
		294C23081EBF0DA600DADA84 /* Debug */ = {
			isa = XCBuildConfiguration;
			buildSettings = {
				ALWAYS_SEARCH_USER_PATHS = NO;
				CLANG_ANALYZER_NONNULL = YES;
				CLANG_ANALYZER_NUMBER_OBJECT_CONVERSION = YES_AGGRESSIVE;
				CLANG_CXX_LANGUAGE_STANDARD = "gnu++0x";
				CLANG_CXX_LIBRARY = "libc++";
				CLANG_ENABLE_MODULES = YES;
				CLANG_ENABLE_OBJC_ARC = YES;
				CLANG_WARN_BOOL_CONVERSION = YES;
				CLANG_WARN_CONSTANT_CONVERSION = YES;
				CLANG_WARN_DIRECT_OBJC_ISA_USAGE = YES_ERROR;
				CLANG_WARN_DOCUMENTATION_COMMENTS = YES;
				CLANG_WARN_EMPTY_BODY = YES;
				CLANG_WARN_ENUM_CONVERSION = YES;
				CLANG_WARN_INFINITE_RECURSION = YES;
				CLANG_WARN_INT_CONVERSION = YES;
				CLANG_WARN_OBJC_ROOT_CLASS = YES_ERROR;
				CLANG_WARN_SUSPICIOUS_MOVE = YES;
				CLANG_WARN_UNREACHABLE_CODE = YES;
				CLANG_WARN__DUPLICATE_METHOD_MATCH = YES;
				"CODE_SIGN_IDENTITY[sdk=iphoneos*]" = "iPhone Developer";
				COPY_PHASE_STRIP = NO;
				DEBUG_INFORMATION_FORMAT = dwarf;
				ENABLE_STRICT_OBJC_MSGSEND = YES;
				ENABLE_TESTABILITY = YES;
				GCC_C_LANGUAGE_STANDARD = gnu99;
				GCC_DYNAMIC_NO_PIC = NO;
				GCC_NO_COMMON_BLOCKS = YES;
				GCC_OPTIMIZATION_LEVEL = 0;
				GCC_PREPROCESSOR_DEFINITIONS = (
					"DEBUG=1",
					"$(inherited)",
				);
				GCC_WARN_64_TO_32_BIT_CONVERSION = YES;
				GCC_WARN_ABOUT_RETURN_TYPE = YES_ERROR;
				GCC_WARN_UNDECLARED_SELECTOR = YES;
				GCC_WARN_UNINITIALIZED_AUTOS = YES_AGGRESSIVE;
				GCC_WARN_UNUSED_FUNCTION = YES;
				GCC_WARN_UNUSED_VARIABLE = YES;
				IPHONEOS_DEPLOYMENT_TARGET = 10.3;
				MTL_ENABLE_DEBUG_INFO = YES;
				ONLY_ACTIVE_ARCH = YES;
				SDKROOT = iphoneos;
			};
			name = Debug;
		};
		294C23091EBF0DA600DADA84 /* Release */ = {
			isa = XCBuildConfiguration;
			buildSettings = {
				ALWAYS_SEARCH_USER_PATHS = NO;
				CLANG_ANALYZER_NONNULL = YES;
				CLANG_ANALYZER_NUMBER_OBJECT_CONVERSION = YES_AGGRESSIVE;
				CLANG_CXX_LANGUAGE_STANDARD = "gnu++0x";
				CLANG_CXX_LIBRARY = "libc++";
				CLANG_ENABLE_MODULES = YES;
				CLANG_ENABLE_OBJC_ARC = YES;
				CLANG_WARN_BOOL_CONVERSION = YES;
				CLANG_WARN_CONSTANT_CONVERSION = YES;
				CLANG_WARN_DIRECT_OBJC_ISA_USAGE = YES_ERROR;
				CLANG_WARN_DOCUMENTATION_COMMENTS = YES;
				CLANG_WARN_EMPTY_BODY = YES;
				CLANG_WARN_ENUM_CONVERSION = YES;
				CLANG_WARN_INFINITE_RECURSION = YES;
				CLANG_WARN_INT_CONVERSION = YES;
				CLANG_WARN_OBJC_ROOT_CLASS = YES_ERROR;
				CLANG_WARN_SUSPICIOUS_MOVE = YES;
				CLANG_WARN_UNREACHABLE_CODE = YES;
				CLANG_WARN__DUPLICATE_METHOD_MATCH = YES;
				"CODE_SIGN_IDENTITY[sdk=iphoneos*]" = "iPhone Developer";
				COPY_PHASE_STRIP = NO;
				DEBUG_INFORMATION_FORMAT = "dwarf-with-dsym";
				ENABLE_NS_ASSERTIONS = NO;
				ENABLE_STRICT_OBJC_MSGSEND = YES;
				GCC_C_LANGUAGE_STANDARD = gnu99;
				GCC_NO_COMMON_BLOCKS = YES;
				GCC_WARN_64_TO_32_BIT_CONVERSION = YES;
				GCC_WARN_ABOUT_RETURN_TYPE = YES_ERROR;
				GCC_WARN_UNDECLARED_SELECTOR = YES;
				GCC_WARN_UNINITIALIZED_AUTOS = YES_AGGRESSIVE;
				GCC_WARN_UNUSED_FUNCTION = YES;
				GCC_WARN_UNUSED_VARIABLE = YES;
				IPHONEOS_DEPLOYMENT_TARGET = 10.3;
				MTL_ENABLE_DEBUG_INFO = NO;
				SDKROOT = iphoneos;
				VALIDATE_PRODUCT = YES;
			};
			name = Release;
		};
		294C230B1EBF0DA600DADA84 /* Debug */ = {
			isa = XCBuildConfiguration;
			buildSettings = {
				ASSETCATALOG_COMPILER_APPICON_NAME = AppIcon;
				DEVELOPMENT_TEAM = K8MT65P2FF;
				INFOPLIST_FILE = "高级动画/Info.plist";
				LD_RUNPATH_SEARCH_PATHS = "$(inherited) @executable_path/Frameworks";
				PRODUCT_BUNDLE_IDENTIFIER = "xtc.----";
				PRODUCT_NAME = "$(TARGET_NAME)";
			};
			name = Debug;
		};
		294C230C1EBF0DA600DADA84 /* Release */ = {
			isa = XCBuildConfiguration;
			buildSettings = {
				ASSETCATALOG_COMPILER_APPICON_NAME = AppIcon;
				DEVELOPMENT_TEAM = K8MT65P2FF;
				INFOPLIST_FILE = "高级动画/Info.plist";
				LD_RUNPATH_SEARCH_PATHS = "$(inherited) @executable_path/Frameworks";
				PRODUCT_BUNDLE_IDENTIFIER = "xtc.----";
				PRODUCT_NAME = "$(TARGET_NAME)";
			};
			name = Release;
		};
/* End XCBuildConfiguration section */

/* Begin XCConfigurationList section */
		294C22EE1EBF0DA600DADA84 /* Build configuration list for PBXProject "高级动画" */ = {
			isa = XCConfigurationList;
			buildConfigurations = (
				294C23081EBF0DA600DADA84 /* Debug */,
				294C23091EBF0DA600DADA84 /* Release */,
			);
			defaultConfigurationIsVisible = 0;
			defaultConfigurationName = Release;
		};
		294C230A1EBF0DA600DADA84 /* Build configuration list for PBXNativeTarget "高级动画" */ = {
			isa = XCConfigurationList;
			buildConfigurations = (
				294C230B1EBF0DA600DADA84 /* Debug */,
				294C230C1EBF0DA600DADA84 /* Release */,
			);
			defaultConfigurationIsVisible = 0;
		};
/* End XCConfigurationList section */
	};
	rootObject = 294C22EB1EBF0DA600DADA84 /* Project object */;
}
