// !$*UTF8*$!
{
	archiveVersion = 1;
	classes = {
	};
	objectVersion = 46;
	objects = {

/* Begin PBXBuildFile section */
		29923BD41F26DD2E00DB27F4 /* main.m in Sources */ = {isa = PBXBuildFile; fileRef = 29923BD31F26DD2E00DB27F4 /* main.m */; };
		29923BDC1F26DE9900DB27F4 /* StructOfFoundation.m in Sources */ = {isa = PBXBuildFile; fileRef = 29923BDB1F26DE9900DB27F4 /* StructOfFoundation.m */; };
		29923BDF1F2742D600DB27F4 /* FileOperation.m in Sources */ = {isa = PBXBuildFile; fileRef = 29923BDE1F2742D600DB27F4 /* FileOperation.m */; };
		29923BE21F28267A00DB27F4 /* CustomClassBoxing.m in Sources */ = {isa = PBXBuildFile; fileRef = 29923BE11F28267A00DB27F4 /* CustomClassBoxing.m */; };
		29923BE51F28328200DB27F4 /* FileManager.m in Sources */ = {isa = PBXBuildFile; fileRef = 29923BE41F28328200DB27F4 /* FileManager.m */; };
/* End PBXBuildFile section */

/* Begin PBXCopyFilesBuildPhase section */
		29923BCE1F26DD2E00DB27F4 /* CopyFiles */ = {
			isa = PBXCopyFilesBuildPhase;
			buildActionMask = 2147483647;
			dstPath = /usr/share/man/man1/;
			dstSubfolderSpec = 0;
			files = (
			);
			runOnlyForDeploymentPostprocessing = 1;
		};
/* End PBXCopyFilesBuildPhase section */

/* Begin PBXFileReference section */
		29923BD01F26DD2E00DB27F4 /* Foundation基础 */ = {isa = PBXFileReference; explicitFileType = "compiled.mach-o.executable"; includeInIndex = 0; path = "Foundation基础"; sourceTree = BUILT_PRODUCTS_DIR; };
		29923BD31F26DD2E00DB27F4 /* main.m */ = {isa = PBXFileReference; lastKnownFileType = sourcecode.c.objc; path = main.m; sourceTree = "<group>"; };
		29923BDA1F26DE9900DB27F4 /* StructOfFoundation.h */ = {isa = PBXFileReference; fileEncoding = 4; lastKnownFileType = sourcecode.c.h; path = StructOfFoundation.h; sourceTree = "<group>"; };
		29923BDB1F26DE9900DB27F4 /* StructOfFoundation.m */ = {isa = PBXFileReference; fileEncoding = 4; lastKnownFileType = sourcecode.c.objc; path = StructOfFoundation.m; sourceTree = "<group>"; };
		29923BDD1F2742D600DB27F4 /* FileOperation.h */ = {isa = PBXFileReference; fileEncoding = 4; lastKnownFileType = sourcecode.c.h; path = FileOperation.h; sourceTree = "<group>"; };
		29923BDE1F2742D600DB27F4 /* FileOperation.m */ = {isa = PBXFileReference; fileEncoding = 4; lastKnownFileType = sourcecode.c.objc; path = FileOperation.m; sourceTree = "<group>"; };
		29923BE01F28267A00DB27F4 /* CustomClassBoxing.h */ = {isa = PBXFileReference; fileEncoding = 4; lastKnownFileType = sourcecode.c.h; path = CustomClassBoxing.h; sourceTree = "<group>"; };
		29923BE11F28267A00DB27F4 /* CustomClassBoxing.m */ = {isa = PBXFileReference; fileEncoding = 4; lastKnownFileType = sourcecode.c.objc; path = CustomClassBoxing.m; sourceTree = "<group>"; };
		29923BE31F28328200DB27F4 /* FileManager.h */ = {isa = PBXFileReference; fileEncoding = 4; lastKnownFileType = sourcecode.c.h; path = FileManager.h; sourceTree = "<group>"; };
		29923BE41F28328200DB27F4 /* FileManager.m */ = {isa = PBXFileReference; fileEncoding = 4; lastKnownFileType = sourcecode.c.objc; path = FileManager.m; sourceTree = "<group>"; };
/* End PBXFileReference section */

/* Begin PBXFrameworksBuildPhase section */
		29923BCD1F26DD2E00DB27F4 /* Frameworks */ = {
			isa = PBXFrameworksBuildPhase;
			buildActionMask = 2147483647;
			files = (
			);
			runOnlyForDeploymentPostprocessing = 0;
		};
/* End PBXFrameworksBuildPhase section */

/* Begin PBXGroup section */
		29923BC71F26DD2E00DB27F4 = {
			isa = PBXGroup;
			children = (
				29923BD21F26DD2E00DB27F4 /* Foundation基础 */,
				29923BD11F26DD2E00DB27F4 /* Products */,
			);
			sourceTree = "<group>";
		};
		29923BD11F26DD2E00DB27F4 /* Products */ = {
			isa = PBXGroup;
			children = (
				29923BD01F26DD2E00DB27F4 /* Foundation基础 */,
			);
			name = Products;
			sourceTree = "<group>";
		};
		29923BD21F26DD2E00DB27F4 /* Foundation基础 */ = {
			isa = PBXGroup;
			children = (
				29923BD31F26DD2E00DB27F4 /* main.m */,
				29923BDA1F26DE9900DB27F4 /* StructOfFoundation.h */,
				29923BDB1F26DE9900DB27F4 /* StructOfFoundation.m */,
				29923BDD1F2742D600DB27F4 /* FileOperation.h */,
				29923BDE1F2742D600DB27F4 /* FileOperation.m */,
				29923BE01F28267A00DB27F4 /* CustomClassBoxing.h */,
				29923BE11F28267A00DB27F4 /* CustomClassBoxing.m */,
				29923BE31F28328200DB27F4 /* FileManager.h */,
				29923BE41F28328200DB27F4 /* FileManager.m */,
			);
			path = "Foundation基础";
			sourceTree = "<group>";
		};
/* End PBXGroup section */

/* Begin PBXNativeTarget section */
		29923BCF1F26DD2E00DB27F4 /* Foundation基础 */ = {
			isa = PBXNativeTarget;
			buildConfigurationList = 29923BD71F26DD2E00DB27F4 /* Build configuration list for PBXNativeTarget "Foundation基础" */;
			buildPhases = (
				29923BCC1F26DD2E00DB27F4 /* Sources */,
				29923BCD1F26DD2E00DB27F4 /* Frameworks */,
				29923BCE1F26DD2E00DB27F4 /* CopyFiles */,
			);
			buildRules = (
			);
			dependencies = (
			);
			name = "Foundation基础";
			productName = "Foundation基础";
			productReference = 29923BD01F26DD2E00DB27F4 /* Foundation基础 */;
			productType = "com.apple.product-type.tool";
		};
/* End PBXNativeTarget section */

/* Begin PBXProject section */
		29923BC81F26DD2E00DB27F4 /* Project object */ = {
			isa = PBXProject;
			attributes = {
				LastUpgradeCheck = 0830;
				ORGANIZATIONNAME = zxx_mbp;
				TargetAttributes = {
					29923BCF1F26DD2E00DB27F4 = {
						CreatedOnToolsVersion = 8.3.3;
						DevelopmentTeam = K8MT65P2FF;
						ProvisioningStyle = Automatic;
					};
				};
			};
			buildConfigurationList = 29923BCB1F26DD2E00DB27F4 /* Build configuration list for PBXProject "Foundation基础" */;
			compatibilityVersion = "Xcode 3.2";
			developmentRegion = English;
			hasScannedForEncodings = 0;
			knownRegions = (
				en,
			);
			mainGroup = 29923BC71F26DD2E00DB27F4;
			productRefGroup = 29923BD11F26DD2E00DB27F4 /* Products */;
			projectDirPath = "";
			projectRoot = "";
			targets = (
				29923BCF1F26DD2E00DB27F4 /* Foundation基础 */,
			);
		};
/* End PBXProject section */

/* Begin PBXSourcesBuildPhase section */
		29923BCC1F26DD2E00DB27F4 /* Sources */ = {
			isa = PBXSourcesBuildPhase;
			buildActionMask = 2147483647;
			files = (
				29923BDF1F2742D600DB27F4 /* FileOperation.m in Sources */,
				29923BDC1F26DE9900DB27F4 /* StructOfFoundation.m in Sources */,
				29923BE21F28267A00DB27F4 /* CustomClassBoxing.m in Sources */,
				29923BE51F28328200DB27F4 /* FileManager.m in Sources */,
				29923BD41F26DD2E00DB27F4 /* main.m in Sources */,
			);
			runOnlyForDeploymentPostprocessing = 0;
		};
/* End PBXSourcesBuildPhase section */

/* Begin XCBuildConfiguration section */
		29923BD51F26DD2E00DB27F4 /* Debug */ = {
			isa = XCBuildConfiguration;
			buildSettings = {
				ALWAYS_SEARCH_USER_PATHS = NO;
				CLANG_ANALYZER_NONNULL = YES;
				CLANG_ANALYZER_NUMBER_OBJECT_CONVERSION = YES_AGGRESSIVE;
				CLANG_CXX_LANGUAGE_STANDARD = "gnu++0x";
				CLANG_CXX_LIBRARY = "libc++";
				CLANG_ENABLE_MODULES = YES;
				CLANG_ENABLE_OBJC_ARC = YES;
				CLANG_WARN_BOOL_CONVERSION = YES;
				CLANG_WARN_CONSTANT_CONVERSION = YES;
				CLANG_WARN_DIRECT_OBJC_ISA_USAGE = YES_ERROR;
				CLANG_WARN_DOCUMENTATION_COMMENTS = YES;
				CLANG_WARN_EMPTY_BODY = YES;
				CLANG_WARN_ENUM_CONVERSION = YES;
				CLANG_WARN_INFINITE_RECURSION = YES;
				CLANG_WARN_INT_CONVERSION = YES;
				CLANG_WARN_OBJC_ROOT_CLASS = YES_ERROR;
				CLANG_WARN_SUSPICIOUS_MOVE = YES;
				CLANG_WARN_UNREACHABLE_CODE = YES;
				CLANG_WARN__DUPLICATE_METHOD_MATCH = YES;
				CODE_SIGN_IDENTITY = "-";
				COPY_PHASE_STRIP = NO;
				DEBUG_INFORMATION_FORMAT = dwarf;
				ENABLE_STRICT_OBJC_MSGSEND = YES;
				ENABLE_TESTABILITY = YES;
				GCC_C_LANGUAGE_STANDARD = gnu99;
				GCC_DYNAMIC_NO_PIC = NO;
				GCC_NO_COMMON_BLOCKS = YES;
				GCC_OPTIMIZATION_LEVEL = 0;
				GCC_PREPROCESSOR_DEFINITIONS = (
					"DEBUG=1",
					"$(inherited)",
				);
				GCC_WARN_64_TO_32_BIT_CONVERSION = YES;
				GCC_WARN_ABOUT_RETURN_TYPE = YES_ERROR;
				GCC_WARN_UNDECLARED_SELECTOR = YES;
				GCC_WARN_UNINITIALIZED_AUTOS = YES_AGGRESSIVE;
				GCC_WARN_UNUSED_FUNCTION = YES;
				GCC_WARN_UNUSED_VARIABLE = YES;
				MACOSX_DEPLOYMENT_TARGET = 10.12;
				MTL_ENABLE_DEBUG_INFO = YES;
				ONLY_ACTIVE_ARCH = YES;
				SDKROOT = macosx;
			};
			name = Debug;
		};
		29923BD61F26DD2E00DB27F4 /* Release */ = {
			isa = XCBuildConfiguration;
			buildSettings = {
				ALWAYS_SEARCH_USER_PATHS = NO;
				CLANG_ANALYZER_NONNULL = YES;
				CLANG_ANALYZER_NUMBER_OBJECT_CONVERSION = YES_AGGRESSIVE;
				CLANG_CXX_LANGUAGE_STANDARD = "gnu++0x";
				CLANG_CXX_LIBRARY = "libc++";
				CLANG_ENABLE_MODULES = YES;
				CLANG_ENABLE_OBJC_ARC = YES;
				CLANG_WARN_BOOL_CONVERSION = YES;
				CLANG_WARN_CONSTANT_CONVERSION = YES;
				CLANG_WARN_DIRECT_OBJC_ISA_USAGE = YES_ERROR;
				CLANG_WARN_DOCUMENTATION_COMMENTS = YES;
				CLANG_WARN_EMPTY_BODY = YES;
				CLANG_WARN_ENUM_CONVERSION = YES;
				CLANG_WARN_INFINITE_RECURSION = YES;
				CLANG_WARN_INT_CONVERSION = YES;
				CLANG_WARN_OBJC_ROOT_CLASS = YES_ERROR;
				CLANG_WARN_SUSPICIOUS_MOVE = YES;
				CLANG_WARN_UNREACHABLE_CODE = YES;
				CLANG_WARN__DUPLICATE_METHOD_MATCH = YES;
				CODE_SIGN_IDENTITY = "-";
				COPY_PHASE_STRIP = NO;
				DEBUG_INFORMATION_FORMAT = "dwarf-with-dsym";
				ENABLE_NS_ASSERTIONS = NO;
				ENABLE_STRICT_OBJC_MSGSEND = YES;
				GCC_C_LANGUAGE_STANDARD = gnu99;
				GCC_NO_COMMON_BLOCKS = YES;
				GCC_WARN_64_TO_32_BIT_CONVERSION = YES;
				GCC_WARN_ABOUT_RETURN_TYPE = YES_ERROR;
				GCC_WARN_UNDECLARED_SELECTOR = YES;
				GCC_WARN_UNINITIALIZED_AUTOS = YES_AGGRESSIVE;
				GCC_WARN_UNUSED_FUNCTION = YES;
				GCC_WARN_UNUSED_VARIABLE = YES;
				MACOSX_DEPLOYMENT_TARGET = 10.12;
				MTL_ENABLE_DEBUG_INFO = NO;
				SDKROOT = macosx;
			};
			name = Release;
		};
		29923BD81F26DD2E00DB27F4 /* Debug */ = {
			isa = XCBuildConfiguration;
			buildSettings = {
				DEVELOPMENT_TEAM = K8MT65P2FF;
				PRODUCT_NAME = "$(TARGET_NAME)";
			};
			name = Debug;
		};
		29923BD91F26DD2E00DB27F4 /* Release */ = {
			isa = XCBuildConfiguration;
			buildSettings = {
				DEVELOPMENT_TEAM = K8MT65P2FF;
				PRODUCT_NAME = "$(TARGET_NAME)";
			};
			name = Release;
		};
/* End XCBuildConfiguration section */

/* Begin XCConfigurationList section */
		29923BCB1F26DD2E00DB27F4 /* Build configuration list for PBXProject "Foundation基础" */ = {
			isa = XCConfigurationList;
			buildConfigurations = (
				29923BD51F26DD2E00DB27F4 /* Debug */,
				29923BD61F26DD2E00DB27F4 /* Release */,
			);
			defaultConfigurationIsVisible = 0;
			defaultConfigurationName = Release;
		};
		29923BD71F26DD2E00DB27F4 /* Build configuration list for PBXNativeTarget "Foundation基础" */ = {
			isa = XCConfigurationList;
			buildConfigurations = (
				29923BD81F26DD2E00DB27F4 /* Debug */,
				29923BD91F26DD2E00DB27F4 /* Release */,
			);
			defaultConfigurationIsVisible = 0;
		};
/* End XCConfigurationList section */
	};
	rootObject = 29923BC81F26DD2E00DB27F4 /* Project object */;
}
