// !$*UTF8*$!
{
	archiveVersion = 1;
	classes = {
	};
	objectVersion = 46;
	objects = {

/* Begin PBXBuildFile section */
		2916A9F51F1F0A2B00CD4062 /* main.m in Sources */ = {isa = PBXBuildFile; fileRef = 2916A9F41F1F0A2B00CD4062 /* main.m */; };
		2916A9F81F1F0A2B00CD4062 /* AppDelegate.m in Sources */ = {isa = PBXBuildFile; fileRef = 2916A9F71F1F0A2B00CD4062 /* AppDelegate.m */; };
		2916A9FB1F1F0A2B00CD4062 /* ViewController.m in Sources */ = {isa = PBXBuildFile; fileRef = 2916A9FA1F1F0A2B00CD4062 /* ViewController.m */; };
		2916A9FE1F1F0A2B00CD4062 /* Main.storyboard in Resources */ = {isa = PBXBuildFile; fileRef = 2916A9FC1F1F0A2B00CD4062 /* Main.storyboard */; };
		2916AA001F1F0A2B00CD4062 /* Assets.xcassets in Resources */ = {isa = PBXBuildFile; fileRef = 2916A9FF1F1F0A2B00CD4062 /* Assets.xcassets */; };
		2916AA031F1F0A2B00CD4062 /* LaunchScreen.storyboard in Resources */ = {isa = PBXBuildFile; fileRef = 2916AA011F1F0A2B00CD4062 /* LaunchScreen.storyboard */; };
		2916AA0C1F1F4C2D00CD4062 /* DrawingView.m in Sources */ = {isa = PBXBuildFile; fileRef = 2916AA0B1F1F4C2D00CD4062 /* DrawingView.m */; };
		2916AA0F1F1F4FE500CD4062 /* ShapeLayerDrawingView.m in Sources */ = {isa = PBXBuildFile; fileRef = 2916AA0E1F1F4FE500CD4062 /* ShapeLayerDrawingView.m */; };
/* End PBXBuildFile section */

/* Begin PBXFileReference section */
		2916A9F01F1F0A2B00CD4062 /* CoreAnimation-过渡动画.app */ = {isa = PBXFileReference; explicitFileType = wrapper.application; includeInIndex = 0; path = "CoreAnimation-过渡动画.app"; sourceTree = BUILT_PRODUCTS_DIR; };
		2916A9F41F1F0A2B00CD4062 /* main.m */ = {isa = PBXFileReference; lastKnownFileType = sourcecode.c.objc; path = main.m; sourceTree = "<group>"; };
		2916A9F61F1F0A2B00CD4062 /* AppDelegate.h */ = {isa = PBXFileReference; lastKnownFileType = sourcecode.c.h; path = AppDelegate.h; sourceTree = "<group>"; };
		2916A9F71F1F0A2B00CD4062 /* AppDelegate.m */ = {isa = PBXFileReference; lastKnownFileType = sourcecode.c.objc; path = AppDelegate.m; sourceTree = "<group>"; };
		2916A9F91F1F0A2B00CD4062 /* ViewController.h */ = {isa = PBXFileReference; lastKnownFileType = sourcecode.c.h; path = ViewController.h; sourceTree = "<group>"; };
		2916A9FA1F1F0A2B00CD4062 /* ViewController.m */ = {isa = PBXFileReference; lastKnownFileType = sourcecode.c.objc; path = ViewController.m; sourceTree = "<group>"; };
		2916A9FD1F1F0A2B00CD4062 /* Base */ = {isa = PBXFileReference; lastKnownFileType = file.storyboard; name = Base; path = Base.lproj/Main.storyboard; sourceTree = "<group>"; };
		2916A9FF1F1F0A2B00CD4062 /* Assets.xcassets */ = {isa = PBXFileReference; lastKnownFileType = folder.assetcatalog; path = Assets.xcassets; sourceTree = "<group>"; };
		2916AA021F1F0A2B00CD4062 /* Base */ = {isa = PBXFileReference; lastKnownFileType = file.storyboard; name = Base; path = Base.lproj/LaunchScreen.storyboard; sourceTree = "<group>"; };
		2916AA041F1F0A2B00CD4062 /* Info.plist */ = {isa = PBXFileReference; lastKnownFileType = text.plist.xml; path = Info.plist; sourceTree = "<group>"; };
		2916AA0A1F1F4C2D00CD4062 /* DrawingView.h */ = {isa = PBXFileReference; fileEncoding = 4; lastKnownFileType = sourcecode.c.h; path = DrawingView.h; sourceTree = "<group>"; };
		2916AA0B1F1F4C2D00CD4062 /* DrawingView.m */ = {isa = PBXFileReference; fileEncoding = 4; lastKnownFileType = sourcecode.c.objc; path = DrawingView.m; sourceTree = "<group>"; };
		2916AA0D1F1F4FE500CD4062 /* ShapeLayerDrawingView.h */ = {isa = PBXFileReference; fileEncoding = 4; lastKnownFileType = sourcecode.c.h; path = ShapeLayerDrawingView.h; sourceTree = "<group>"; };
		2916AA0E1F1F4FE500CD4062 /* ShapeLayerDrawingView.m */ = {isa = PBXFileReference; fileEncoding = 4; lastKnownFileType = sourcecode.c.objc; path = ShapeLayerDrawingView.m; sourceTree = "<group>"; };
/* End PBXFileReference section */

/* Begin PBXFrameworksBuildPhase section */
		2916A9ED1F1F0A2B00CD4062 /* Frameworks */ = {
			isa = PBXFrameworksBuildPhase;
			buildActionMask = 2147483647;
			files = (
			);
			runOnlyForDeploymentPostprocessing = 0;
		};
/* End PBXFrameworksBuildPhase section */

/* Begin PBXGroup section */
		2916A9E71F1F0A2B00CD4062 = {
			isa = PBXGroup;
			children = (
				2916A9F21F1F0A2B00CD4062 /* CoreAnimation-过渡动画 */,
				2916A9F11F1F0A2B00CD4062 /* Products */,
			);
			sourceTree = "<group>";
		};
		2916A9F11F1F0A2B00CD4062 /* Products */ = {
			isa = PBXGroup;
			children = (
				2916A9F01F1F0A2B00CD4062 /* CoreAnimation-过渡动画.app */,
			);
			name = Products;
			sourceTree = "<group>";
		};
		2916A9F21F1F0A2B00CD4062 /* CoreAnimation-过渡动画 */ = {
			isa = PBXGroup;
			children = (
				2916A9F61F1F0A2B00CD4062 /* AppDelegate.h */,
				2916A9F71F1F0A2B00CD4062 /* AppDelegate.m */,
				2916A9F91F1F0A2B00CD4062 /* ViewController.h */,
				2916AA0A1F1F4C2D00CD4062 /* DrawingView.h */,
				2916AA0B1F1F4C2D00CD4062 /* DrawingView.m */,
				2916AA0D1F1F4FE500CD4062 /* ShapeLayerDrawingView.h */,
				2916AA0E1F1F4FE500CD4062 /* ShapeLayerDrawingView.m */,
				2916A9FA1F1F0A2B00CD4062 /* ViewController.m */,
				2916A9FC1F1F0A2B00CD4062 /* Main.storyboard */,
				2916A9FF1F1F0A2B00CD4062 /* Assets.xcassets */,
				2916AA011F1F0A2B00CD4062 /* LaunchScreen.storyboard */,
				2916AA041F1F0A2B00CD4062 /* Info.plist */,
				2916A9F31F1F0A2B00CD4062 /* Supporting Files */,
			);
			path = "CoreAnimation-过渡动画";
			sourceTree = "<group>";
		};
		2916A9F31F1F0A2B00CD4062 /* Supporting Files */ = {
			isa = PBXGroup;
			children = (
				2916A9F41F1F0A2B00CD4062 /* main.m */,
			);
			name = "Supporting Files";
			sourceTree = "<group>";
		};
/* End PBXGroup section */

/* Begin PBXNativeTarget section */
		2916A9EF1F1F0A2B00CD4062 /* CoreAnimation-过渡动画 */ = {
			isa = PBXNativeTarget;
			buildConfigurationList = 2916AA071F1F0A2B00CD4062 /* Build configuration list for PBXNativeTarget "CoreAnimation-过渡动画" */;
			buildPhases = (
				2916A9EC1F1F0A2B00CD4062 /* Sources */,
				2916A9ED1F1F0A2B00CD4062 /* Frameworks */,
				2916A9EE1F1F0A2B00CD4062 /* Resources */,
			);
			buildRules = (
			);
			dependencies = (
			);
			name = "CoreAnimation-过渡动画";
			productName = "CoreAnimation-过渡动画";
			productReference = 2916A9F01F1F0A2B00CD4062 /* CoreAnimation-过渡动画.app */;
			productType = "com.apple.product-type.application";
		};
/* End PBXNativeTarget section */

/* Begin PBXProject section */
		2916A9E81F1F0A2B00CD4062 /* Project object */ = {
			isa = PBXProject;
			attributes = {
				LastUpgradeCheck = 0830;
				ORGANIZATIONNAME = zxx_mbp;
				TargetAttributes = {
					2916A9EF1F1F0A2B00CD4062 = {
						CreatedOnToolsVersion = 8.3.3;
						DevelopmentTeam = K8MT65P2FF;
						ProvisioningStyle = Automatic;
					};
				};
			};
			buildConfigurationList = 2916A9EB1F1F0A2B00CD4062 /* Build configuration list for PBXProject "CoreAnimation-过渡动画" */;
			compatibilityVersion = "Xcode 3.2";
			developmentRegion = English;
			hasScannedForEncodings = 0;
			knownRegions = (
				en,
				Base,
			);
			mainGroup = 2916A9E71F1F0A2B00CD4062;
			productRefGroup = 2916A9F11F1F0A2B00CD4062 /* Products */;
			projectDirPath = "";
			projectRoot = "";
			targets = (
				2916A9EF1F1F0A2B00CD4062 /* CoreAnimation-过渡动画 */,
			);
		};
/* End PBXProject section */

/* Begin PBXResourcesBuildPhase section */
		2916A9EE1F1F0A2B00CD4062 /* Resources */ = {
			isa = PBXResourcesBuildPhase;
			buildActionMask = 2147483647;
			files = (
				2916AA031F1F0A2B00CD4062 /* LaunchScreen.storyboard in Resources */,
				2916AA001F1F0A2B00CD4062 /* Assets.xcassets in Resources */,
				2916A9FE1F1F0A2B00CD4062 /* Main.storyboard in Resources */,
			);
			runOnlyForDeploymentPostprocessing = 0;
		};
/* End PBXResourcesBuildPhase section */

/* Begin PBXSourcesBuildPhase section */
		2916A9EC1F1F0A2B00CD4062 /* Sources */ = {
			isa = PBXSourcesBuildPhase;
			buildActionMask = 2147483647;
			files = (
				2916A9FB1F1F0A2B00CD4062 /* ViewController.m in Sources */,
				2916A9F81F1F0A2B00CD4062 /* AppDelegate.m in Sources */,
				2916A9F51F1F0A2B00CD4062 /* main.m in Sources */,
				2916AA0F1F1F4FE500CD4062 /* ShapeLayerDrawingView.m in Sources */,
				2916AA0C1F1F4C2D00CD4062 /* DrawingView.m in Sources */,
			);
			runOnlyForDeploymentPostprocessing = 0;
		};
/* End PBXSourcesBuildPhase section */

/* Begin PBXVariantGroup section */
		2916A9FC1F1F0A2B00CD4062 /* Main.storyboard */ = {
			isa = PBXVariantGroup;
			children = (
				2916A9FD1F1F0A2B00CD4062 /* Base */,
			);
			name = Main.storyboard;
			sourceTree = "<group>";
		};
		2916AA011F1F0A2B00CD4062 /* LaunchScreen.storyboard */ = {
			isa = PBXVariantGroup;
			children = (
				2916AA021F1F0A2B00CD4062 /* Base */,
			);
			name = LaunchScreen.storyboard;
			sourceTree = "<group>";
		};
/* End PBXVariantGroup section */

/* Begin XCBuildConfiguration section */
		2916AA051F1F0A2B00CD4062 /* Debug */ = {
			isa = XCBuildConfiguration;
			buildSettings = {
				ALWAYS_SEARCH_USER_PATHS = NO;
				CLANG_ANALYZER_NONNULL = YES;
				CLANG_ANALYZER_NUMBER_OBJECT_CONVERSION = YES_AGGRESSIVE;
				CLANG_CXX_LANGUAGE_STANDARD = "gnu++0x";
				CLANG_CXX_LIBRARY = "libc++";
				CLANG_ENABLE_MODULES = YES;
				CLANG_ENABLE_OBJC_ARC = YES;
				CLANG_WARN_BOOL_CONVERSION = YES;
				CLANG_WARN_CONSTANT_CONVERSION = YES;
				CLANG_WARN_DIRECT_OBJC_ISA_USAGE = YES_ERROR;
				CLANG_WARN_DOCUMENTATION_COMMENTS = YES;
				CLANG_WARN_EMPTY_BODY = YES;
				CLANG_WARN_ENUM_CONVERSION = YES;
				CLANG_WARN_INFINITE_RECURSION = YES;
				CLANG_WARN_INT_CONVERSION = YES;
				CLANG_WARN_OBJC_ROOT_CLASS = YES_ERROR;
				CLANG_WARN_SUSPICIOUS_MOVE = YES;
				CLANG_WARN_UNREACHABLE_CODE = YES;
				CLANG_WARN__DUPLICATE_METHOD_MATCH = YES;
				"CODE_SIGN_IDENTITY[sdk=iphoneos*]" = "iPhone Developer";
				COPY_PHASE_STRIP = NO;
				DEBUG_INFORMATION_FORMAT = dwarf;
				ENABLE_STRICT_OBJC_MSGSEND = YES;
				ENABLE_TESTABILITY = YES;
				GCC_C_LANGUAGE_STANDARD = gnu99;
				GCC_DYNAMIC_NO_PIC = NO;
				GCC_NO_COMMON_BLOCKS = YES;
				GCC_OPTIMIZATION_LEVEL = 0;
				GCC_PREPROCESSOR_DEFINITIONS = (
					"DEBUG=1",
					"$(inherited)",
				);
				GCC_WARN_64_TO_32_BIT_CONVERSION = YES;
				GCC_WARN_ABOUT_RETURN_TYPE = YES_ERROR;
				GCC_WARN_UNDECLARED_SELECTOR = YES;
				GCC_WARN_UNINITIALIZED_AUTOS = YES_AGGRESSIVE;
				GCC_WARN_UNUSED_FUNCTION = YES;
				GCC_WARN_UNUSED_VARIABLE = YES;
				IPHONEOS_DEPLOYMENT_TARGET = 10.3;
				MTL_ENABLE_DEBUG_INFO = YES;
				ONLY_ACTIVE_ARCH = YES;
				SDKROOT = iphoneos;
			};
			name = Debug;
		};
		2916AA061F1F0A2B00CD4062 /* Release */ = {
			isa = XCBuildConfiguration;
			buildSettings = {
				ALWAYS_SEARCH_USER_PATHS = NO;
				CLANG_ANALYZER_NONNULL = YES;
				CLANG_ANALYZER_NUMBER_OBJECT_CONVERSION = YES_AGGRESSIVE;
				CLANG_CXX_LANGUAGE_STANDARD = "gnu++0x";
				CLANG_CXX_LIBRARY = "libc++";
				CLANG_ENABLE_MODULES = YES;
				CLANG_ENABLE_OBJC_ARC = YES;
				CLANG_WARN_BOOL_CONVERSION = YES;
				CLANG_WARN_CONSTANT_CONVERSION = YES;
				CLANG_WARN_DIRECT_OBJC_ISA_USAGE = YES_ERROR;
				CLANG_WARN_DOCUMENTATION_COMMENTS = YES;
				CLANG_WARN_EMPTY_BODY = YES;
				CLANG_WARN_ENUM_CONVERSION = YES;
				CLANG_WARN_INFINITE_RECURSION = YES;
				CLANG_WARN_INT_CONVERSION = YES;
				CLANG_WARN_OBJC_ROOT_CLASS = YES_ERROR;
				CLANG_WARN_SUSPICIOUS_MOVE = YES;
				CLANG_WARN_UNREACHABLE_CODE = YES;
				CLANG_WARN__DUPLICATE_METHOD_MATCH = YES;
				"CODE_SIGN_IDENTITY[sdk=iphoneos*]" = "iPhone Developer";
				COPY_PHASE_STRIP = NO;
				DEBUG_INFORMATION_FORMAT = "dwarf-with-dsym";
				ENABLE_NS_ASSERTIONS = NO;
				ENABLE_STRICT_OBJC_MSGSEND = YES;
				GCC_C_LANGUAGE_STANDARD = gnu99;
				GCC_NO_COMMON_BLOCKS = YES;
				GCC_WARN_64_TO_32_BIT_CONVERSION = YES;
				GCC_WARN_ABOUT_RETURN_TYPE = YES_ERROR;
				GCC_WARN_UNDECLARED_SELECTOR = YES;
				GCC_WARN_UNINITIALIZED_AUTOS = YES_AGGRESSIVE;
				GCC_WARN_UNUSED_FUNCTION = YES;
				GCC_WARN_UNUSED_VARIABLE = YES;
				IPHONEOS_DEPLOYMENT_TARGET = 10.3;
				MTL_ENABLE_DEBUG_INFO = NO;
				SDKROOT = iphoneos;
				VALIDATE_PRODUCT = YES;
			};
			name = Release;
		};
		2916AA081F1F0A2B00CD4062 /* Debug */ = {
			isa = XCBuildConfiguration;
			buildSettings = {
				ASSETCATALOG_COMPILER_APPICON_NAME = AppIcon;
				DEVELOPMENT_TEAM = K8MT65P2FF;
				INFOPLIST_FILE = "CoreAnimation-过渡动画/Info.plist";
				LD_RUNPATH_SEARCH_PATHS = "$(inherited) @executable_path/Frameworks";
				PRODUCT_BUNDLE_IDENTIFIER = "xtc.CoreAnimation-----";
				PRODUCT_NAME = "$(TARGET_NAME)";
			};
			name = Debug;
		};
		2916AA091F1F0A2B00CD4062 /* Release */ = {
			isa = XCBuildConfiguration;
			buildSettings = {
				ASSETCATALOG_COMPILER_APPICON_NAME = AppIcon;
				DEVELOPMENT_TEAM = K8MT65P2FF;
				INFOPLIST_FILE = "CoreAnimation-过渡动画/Info.plist";
				LD_RUNPATH_SEARCH_PATHS = "$(inherited) @executable_path/Frameworks";
				PRODUCT_BUNDLE_IDENTIFIER = "xtc.CoreAnimation-----";
				PRODUCT_NAME = "$(TARGET_NAME)";
			};
			name = Release;
		};
/* End XCBuildConfiguration section */

/* Begin XCConfigurationList section */
		2916A9EB1F1F0A2B00CD4062 /* Build configuration list for PBXProject "CoreAnimation-过渡动画" */ = {
			isa = XCConfigurationList;
			buildConfigurations = (
				2916AA051F1F0A2B00CD4062 /* Debug */,
				2916AA061F1F0A2B00CD4062 /* Release */,
			);
			defaultConfigurationIsVisible = 0;
			defaultConfigurationName = Release;
		};
		2916AA071F1F0A2B00CD4062 /* Build configuration list for PBXNativeTarget "CoreAnimation-过渡动画" */ = {
			isa = XCConfigurationList;
			buildConfigurations = (
				2916AA081F1F0A2B00CD4062 /* Debug */,
				2916AA091F1F0A2B00CD4062 /* Release */,
			);
			defaultConfigurationIsVisible = 0;
		};
/* End XCConfigurationList section */
	};
	rootObject = 2916A9E81F1F0A2B00CD4062 /* Project object */;
}
