// !$*UTF8*$!
{
	archiveVersion = 1;
	classes = {
	};
	objectVersion = 46;
	objects = {

/* Begin PBXBuildFile section */
		293DA0471ED9806100182CA0 /* main.m in Sources */ = {isa = PBXBuildFile; fileRef = 293DA0461ED9806100182CA0 /* main.m */; };
		293DA04A1ED9806100182CA0 /* AppDelegate.m in Sources */ = {isa = PBXBuildFile; fileRef = 293DA0491ED9806100182CA0 /* AppDelegate.m */; };
		293DA04D1ED9806100182CA0 /* ViewController.m in Sources */ = {isa = PBXBuildFile; fileRef = 293DA04C1ED9806100182CA0 /* ViewController.m */; };
		293DA0501ED9806100182CA0 /* Main.storyboard in Resources */ = {isa = PBXBuildFile; fileRef = 293DA04E1ED9806100182CA0 /* Main.storyboard */; };
		293DA0521ED9806100182CA0 /* Assets.xcassets in Resources */ = {isa = PBXBuildFile; fileRef = 293DA0511ED9806100182CA0 /* Assets.xcassets */; };
		293DA0551ED9806100182CA0 /* LaunchScreen.storyboard in Resources */ = {isa = PBXBuildFile; fileRef = 293DA0531ED9806100182CA0 /* LaunchScreen.storyboard */; };
		293DA05D1ED9807100182CA0 /* README in Resources */ = {isa = PBXBuildFile; fileRef = 293DA05C1ED9807100182CA0 /* README */; };
		293DA0601ED9836C00182CA0 /* ZXActivityIndicator.m in Sources */ = {isa = PBXBuildFile; fileRef = 293DA05F1ED9836C00182CA0 /* ZXActivityIndicator.m */; };
/* End PBXBuildFile section */

/* Begin PBXFileReference section */
		293DA0421ED9806100182CA0 /* 核心动画之CALayer的Mask实现注水动画效果.app */ = {isa = PBXFileReference; explicitFileType = wrapper.application; includeInIndex = 0; path = "核心动画之CALayer的Mask实现注水动画效果.app"; sourceTree = BUILT_PRODUCTS_DIR; };
		293DA0461ED9806100182CA0 /* main.m */ = {isa = PBXFileReference; lastKnownFileType = sourcecode.c.objc; path = main.m; sourceTree = "<group>"; };
		293DA0481ED9806100182CA0 /* AppDelegate.h */ = {isa = PBXFileReference; lastKnownFileType = sourcecode.c.h; path = AppDelegate.h; sourceTree = "<group>"; };
		293DA0491ED9806100182CA0 /* AppDelegate.m */ = {isa = PBXFileReference; lastKnownFileType = sourcecode.c.objc; path = AppDelegate.m; sourceTree = "<group>"; };
		293DA04B1ED9806100182CA0 /* ViewController.h */ = {isa = PBXFileReference; lastKnownFileType = sourcecode.c.h; path = ViewController.h; sourceTree = "<group>"; };
		293DA04C1ED9806100182CA0 /* ViewController.m */ = {isa = PBXFileReference; lastKnownFileType = sourcecode.c.objc; path = ViewController.m; sourceTree = "<group>"; };
		293DA04F1ED9806100182CA0 /* Base */ = {isa = PBXFileReference; lastKnownFileType = file.storyboard; name = Base; path = Base.lproj/Main.storyboard; sourceTree = "<group>"; };
		293DA0511ED9806100182CA0 /* Assets.xcassets */ = {isa = PBXFileReference; lastKnownFileType = folder.assetcatalog; path = Assets.xcassets; sourceTree = "<group>"; };
		293DA0541ED9806100182CA0 /* Base */ = {isa = PBXFileReference; lastKnownFileType = file.storyboard; name = Base; path = Base.lproj/LaunchScreen.storyboard; sourceTree = "<group>"; };
		293DA0561ED9806100182CA0 /* Info.plist */ = {isa = PBXFileReference; lastKnownFileType = text.plist.xml; path = Info.plist; sourceTree = "<group>"; };
		293DA05C1ED9807100182CA0 /* README */ = {isa = PBXFileReference; fileEncoding = 4; lastKnownFileType = text; path = README; sourceTree = "<group>"; };
		293DA05E1ED9836C00182CA0 /* ZXActivityIndicator.h */ = {isa = PBXFileReference; fileEncoding = 4; lastKnownFileType = sourcecode.c.h; path = ZXActivityIndicator.h; sourceTree = "<group>"; };
		293DA05F1ED9836C00182CA0 /* ZXActivityIndicator.m */ = {isa = PBXFileReference; fileEncoding = 4; lastKnownFileType = sourcecode.c.objc; path = ZXActivityIndicator.m; sourceTree = "<group>"; };
/* End PBXFileReference section */

/* Begin PBXFrameworksBuildPhase section */
		293DA03F1ED9806100182CA0 /* Frameworks */ = {
			isa = PBXFrameworksBuildPhase;
			buildActionMask = 2147483647;
			files = (
			);
			runOnlyForDeploymentPostprocessing = 0;
		};
/* End PBXFrameworksBuildPhase section */

/* Begin PBXGroup section */
		293DA0391ED9806100182CA0 = {
			isa = PBXGroup;
			children = (
				293DA05C1ED9807100182CA0 /* README */,
				293DA0441ED9806100182CA0 /* 核心动画之CALayer的Mask实现注水动画效果 */,
				293DA0431ED9806100182CA0 /* Products */,
			);
			sourceTree = "<group>";
		};
		293DA0431ED9806100182CA0 /* Products */ = {
			isa = PBXGroup;
			children = (
				293DA0421ED9806100182CA0 /* 核心动画之CALayer的Mask实现注水动画效果.app */,
			);
			name = Products;
			sourceTree = "<group>";
		};
		293DA0441ED9806100182CA0 /* 核心动画之CALayer的Mask实现注水动画效果 */ = {
			isa = PBXGroup;
			children = (
				293DA0481ED9806100182CA0 /* AppDelegate.h */,
				293DA0491ED9806100182CA0 /* AppDelegate.m */,
				293DA04B1ED9806100182CA0 /* ViewController.h */,
				293DA04C1ED9806100182CA0 /* ViewController.m */,
				293DA05E1ED9836C00182CA0 /* ZXActivityIndicator.h */,
				293DA05F1ED9836C00182CA0 /* ZXActivityIndicator.m */,
				293DA04E1ED9806100182CA0 /* Main.storyboard */,
				293DA0511ED9806100182CA0 /* Assets.xcassets */,
				293DA0531ED9806100182CA0 /* LaunchScreen.storyboard */,
				293DA0561ED9806100182CA0 /* Info.plist */,
				293DA0451ED9806100182CA0 /* Supporting Files */,
			);
			path = "核心动画之CALayer的Mask实现注水动画效果";
			sourceTree = "<group>";
		};
		293DA0451ED9806100182CA0 /* Supporting Files */ = {
			isa = PBXGroup;
			children = (
				293DA0461ED9806100182CA0 /* main.m */,
			);
			name = "Supporting Files";
			sourceTree = "<group>";
		};
/* End PBXGroup section */

/* Begin PBXNativeTarget section */
		293DA0411ED9806100182CA0 /* 核心动画之CALayer的Mask实现注水动画效果 */ = {
			isa = PBXNativeTarget;
			buildConfigurationList = 293DA0591ED9806100182CA0 /* Build configuration list for PBXNativeTarget "核心动画之CALayer的Mask实现注水动画效果" */;
			buildPhases = (
				293DA03E1ED9806100182CA0 /* Sources */,
				293DA03F1ED9806100182CA0 /* Frameworks */,
				293DA0401ED9806100182CA0 /* Resources */,
			);
			buildRules = (
			);
			dependencies = (
			);
			name = "核心动画之CALayer的Mask实现注水动画效果";
			productName = "核心动画之CALayer的Mask实现注水动画效果";
			productReference = 293DA0421ED9806100182CA0 /* 核心动画之CALayer的Mask实现注水动画效果.app */;
			productType = "com.apple.product-type.application";
		};
/* End PBXNativeTarget section */

/* Begin PBXProject section */
		293DA03A1ED9806100182CA0 /* Project object */ = {
			isa = PBXProject;
			attributes = {
				LastUpgradeCheck = 0830;
				ORGANIZATIONNAME = zxx_mbp;
				TargetAttributes = {
					293DA0411ED9806100182CA0 = {
						CreatedOnToolsVersion = 8.3.2;
						DevelopmentTeam = K8MT65P2FF;
						ProvisioningStyle = Automatic;
					};
				};
			};
			buildConfigurationList = 293DA03D1ED9806100182CA0 /* Build configuration list for PBXProject "核心动画之CALayer的Mask实现注水动画效果" */;
			compatibilityVersion = "Xcode 3.2";
			developmentRegion = English;
			hasScannedForEncodings = 0;
			knownRegions = (
				en,
				Base,
			);
			mainGroup = 293DA0391ED9806100182CA0;
			productRefGroup = 293DA0431ED9806100182CA0 /* Products */;
			projectDirPath = "";
			projectRoot = "";
			targets = (
				293DA0411ED9806100182CA0 /* 核心动画之CALayer的Mask实现注水动画效果 */,
			);
		};
/* End PBXProject section */

/* Begin PBXResourcesBuildPhase section */
		293DA0401ED9806100182CA0 /* Resources */ = {
			isa = PBXResourcesBuildPhase;
			buildActionMask = 2147483647;
			files = (
				293DA05D1ED9807100182CA0 /* README in Resources */,
				293DA0551ED9806100182CA0 /* LaunchScreen.storyboard in Resources */,
				293DA0521ED9806100182CA0 /* Assets.xcassets in Resources */,
				293DA0501ED9806100182CA0 /* Main.storyboard in Resources */,
			);
			runOnlyForDeploymentPostprocessing = 0;
		};
/* End PBXResourcesBuildPhase section */

/* Begin PBXSourcesBuildPhase section */
		293DA03E1ED9806100182CA0 /* Sources */ = {
			isa = PBXSourcesBuildPhase;
			buildActionMask = 2147483647;
			files = (
				293DA0601ED9836C00182CA0 /* ZXActivityIndicator.m in Sources */,
				293DA04D1ED9806100182CA0 /* ViewController.m in Sources */,
				293DA04A1ED9806100182CA0 /* AppDelegate.m in Sources */,
				293DA0471ED9806100182CA0 /* main.m in Sources */,
			);
			runOnlyForDeploymentPostprocessing = 0;
		};
/* End PBXSourcesBuildPhase section */

/* Begin PBXVariantGroup section */
		293DA04E1ED9806100182CA0 /* Main.storyboard */ = {
			isa = PBXVariantGroup;
			children = (
				293DA04F1ED9806100182CA0 /* Base */,
			);
			name = Main.storyboard;
			sourceTree = "<group>";
		};
		293DA0531ED9806100182CA0 /* LaunchScreen.storyboard */ = {
			isa = PBXVariantGroup;
			children = (
				293DA0541ED9806100182CA0 /* Base */,
			);
			name = LaunchScreen.storyboard;
			sourceTree = "<group>";
		};
/* End PBXVariantGroup section */

/* Begin XCBuildConfiguration section */
		293DA0571ED9806100182CA0 /* Debug */ = {
			isa = XCBuildConfiguration;
			buildSettings = {
				ALWAYS_SEARCH_USER_PATHS = NO;
				CLANG_ANALYZER_NONNULL = YES;
				CLANG_ANALYZER_NUMBER_OBJECT_CONVERSION = YES_AGGRESSIVE;
				CLANG_CXX_LANGUAGE_STANDARD = "gnu++0x";
				CLANG_CXX_LIBRARY = "libc++";
				CLANG_ENABLE_MODULES = YES;
				CLANG_ENABLE_OBJC_ARC = YES;
				CLANG_WARN_BOOL_CONVERSION = YES;
				CLANG_WARN_CONSTANT_CONVERSION = YES;
				CLANG_WARN_DIRECT_OBJC_ISA_USAGE = YES_ERROR;
				CLANG_WARN_DOCUMENTATION_COMMENTS = YES;
				CLANG_WARN_EMPTY_BODY = YES;
				CLANG_WARN_ENUM_CONVERSION = YES;
				CLANG_WARN_INFINITE_RECURSION = YES;
				CLANG_WARN_INT_CONVERSION = YES;
				CLANG_WARN_OBJC_ROOT_CLASS = YES_ERROR;
				CLANG_WARN_SUSPICIOUS_MOVE = YES;
				CLANG_WARN_UNREACHABLE_CODE = YES;
				CLANG_WARN__DUPLICATE_METHOD_MATCH = YES;
				"CODE_SIGN_IDENTITY[sdk=iphoneos*]" = "iPhone Developer";
				COPY_PHASE_STRIP = NO;
				DEBUG_INFORMATION_FORMAT = dwarf;
				ENABLE_STRICT_OBJC_MSGSEND = YES;
				ENABLE_TESTABILITY = YES;
				GCC_C_LANGUAGE_STANDARD = gnu99;
				GCC_DYNAMIC_NO_PIC = NO;
				GCC_NO_COMMON_BLOCKS = YES;
				GCC_OPTIMIZATION_LEVEL = 0;
				GCC_PREPROCESSOR_DEFINITIONS = (
					"DEBUG=1",
					"$(inherited)",
				);
				GCC_WARN_64_TO_32_BIT_CONVERSION = YES;
				GCC_WARN_ABOUT_RETURN_TYPE = YES_ERROR;
				GCC_WARN_UNDECLARED_SELECTOR = YES;
				GCC_WARN_UNINITIALIZED_AUTOS = YES_AGGRESSIVE;
				GCC_WARN_UNUSED_FUNCTION = YES;
				GCC_WARN_UNUSED_VARIABLE = YES;
				IPHONEOS_DEPLOYMENT_TARGET = 10.3;
				MTL_ENABLE_DEBUG_INFO = YES;
				ONLY_ACTIVE_ARCH = YES;
				SDKROOT = iphoneos;
			};
			name = Debug;
		};
		293DA0581ED9806100182CA0 /* Release */ = {
			isa = XCBuildConfiguration;
			buildSettings = {
				ALWAYS_SEARCH_USER_PATHS = NO;
				CLANG_ANALYZER_NONNULL = YES;
				CLANG_ANALYZER_NUMBER_OBJECT_CONVERSION = YES_AGGRESSIVE;
				CLANG_CXX_LANGUAGE_STANDARD = "gnu++0x";
				CLANG_CXX_LIBRARY = "libc++";
				CLANG_ENABLE_MODULES = YES;
				CLANG_ENABLE_OBJC_ARC = YES;
				CLANG_WARN_BOOL_CONVERSION = YES;
				CLANG_WARN_CONSTANT_CONVERSION = YES;
				CLANG_WARN_DIRECT_OBJC_ISA_USAGE = YES_ERROR;
				CLANG_WARN_DOCUMENTATION_COMMENTS = YES;
				CLANG_WARN_EMPTY_BODY = YES;
				CLANG_WARN_ENUM_CONVERSION = YES;
				CLANG_WARN_INFINITE_RECURSION = YES;
				CLANG_WARN_INT_CONVERSION = YES;
				CLANG_WARN_OBJC_ROOT_CLASS = YES_ERROR;
				CLANG_WARN_SUSPICIOUS_MOVE = YES;
				CLANG_WARN_UNREACHABLE_CODE = YES;
				CLANG_WARN__DUPLICATE_METHOD_MATCH = YES;
				"CODE_SIGN_IDENTITY[sdk=iphoneos*]" = "iPhone Developer";
				COPY_PHASE_STRIP = NO;
				DEBUG_INFORMATION_FORMAT = "dwarf-with-dsym";
				ENABLE_NS_ASSERTIONS = NO;
				ENABLE_STRICT_OBJC_MSGSEND = YES;
				GCC_C_LANGUAGE_STANDARD = gnu99;
				GCC_NO_COMMON_BLOCKS = YES;
				GCC_WARN_64_TO_32_BIT_CONVERSION = YES;
				GCC_WARN_ABOUT_RETURN_TYPE = YES_ERROR;
				GCC_WARN_UNDECLARED_SELECTOR = YES;
				GCC_WARN_UNINITIALIZED_AUTOS = YES_AGGRESSIVE;
				GCC_WARN_UNUSED_FUNCTION = YES;
				GCC_WARN_UNUSED_VARIABLE = YES;
				IPHONEOS_DEPLOYMENT_TARGET = 10.3;
				MTL_ENABLE_DEBUG_INFO = NO;
				SDKROOT = iphoneos;
				VALIDATE_PRODUCT = YES;
			};
			name = Release;
		};
		293DA05A1ED9806100182CA0 /* Debug */ = {
			isa = XCBuildConfiguration;
			buildSettings = {
				ASSETCATALOG_COMPILER_APPICON_NAME = AppIcon;
				DEVELOPMENT_TEAM = K8MT65P2FF;
				INFOPLIST_FILE = "核心动画之CALayer的Mask实现注水动画效果/Info.plist";
				LD_RUNPATH_SEARCH_PATHS = "$(inherited) @executable_path/Frameworks";
				PRODUCT_BUNDLE_IDENTIFIER = "xtc.-----CALayer-Mask--------";
				PRODUCT_NAME = "$(TARGET_NAME)";
			};
			name = Debug;
		};
		293DA05B1ED9806100182CA0 /* Release */ = {
			isa = XCBuildConfiguration;
			buildSettings = {
				ASSETCATALOG_COMPILER_APPICON_NAME = AppIcon;
				DEVELOPMENT_TEAM = K8MT65P2FF;
				INFOPLIST_FILE = "核心动画之CALayer的Mask实现注水动画效果/Info.plist";
				LD_RUNPATH_SEARCH_PATHS = "$(inherited) @executable_path/Frameworks";
				PRODUCT_BUNDLE_IDENTIFIER = "xtc.-----CALayer-Mask--------";
				PRODUCT_NAME = "$(TARGET_NAME)";
			};
			name = Release;
		};
/* End XCBuildConfiguration section */

/* Begin XCConfigurationList section */
		293DA03D1ED9806100182CA0 /* Build configuration list for PBXProject "核心动画之CALayer的Mask实现注水动画效果" */ = {
			isa = XCConfigurationList;
			buildConfigurations = (
				293DA0571ED9806100182CA0 /* Debug */,
				293DA0581ED9806100182CA0 /* Release */,
			);
			defaultConfigurationIsVisible = 0;
			defaultConfigurationName = Release;
		};
		293DA0591ED9806100182CA0 /* Build configuration list for PBXNativeTarget "核心动画之CALayer的Mask实现注水动画效果" */ = {
			isa = XCConfigurationList;
			buildConfigurations = (
				293DA05A1ED9806100182CA0 /* Debug */,
				293DA05B1ED9806100182CA0 /* Release */,
			);
			defaultConfigurationIsVisible = 0;
		};
/* End XCConfigurationList section */
	};
	rootObject = 293DA03A1ED9806100182CA0 /* Project object */;
}
