// !$*UTF8*$!
{
	archiveVersion = 1;
	classes = {
	};
	objectVersion = 46;
	objects = {

/* Begin PBXBuildFile section */
		2904A48F1EE0FAAF00A1AA23 /* CADisplaylinkAnimationVC.m in Sources */ = {isa = PBXBuildFile; fileRef = 2904A48E1EE0FAAF00A1AA23 /* CADisplaylinkAnimationVC.m */; };
		291200A31EE1895D00ACE234 /* timg_0000.png in Resources */ = {isa = PBXBuildFile; fileRef = 2912009B1EE1895D00ACE234 /* timg_0000.png */; };
		291200A41EE1895D00ACE234 /* timg_0001.png in Resources */ = {isa = PBXBuildFile; fileRef = 2912009C1EE1895D00ACE234 /* timg_0001.png */; };
		291200A51EE1895D00ACE234 /* timg_0002.png in Resources */ = {isa = PBXBuildFile; fileRef = 2912009D1EE1895D00ACE234 /* timg_0002.png */; };
		291200A61EE1895D00ACE234 /* timg_0003.png in Resources */ = {isa = PBXBuildFile; fileRef = 2912009E1EE1895D00ACE234 /* timg_0003.png */; };
		291200A71EE1895D00ACE234 /* timg_0004.png in Resources */ = {isa = PBXBuildFile; fileRef = 2912009F1EE1895D00ACE234 /* timg_0004.png */; };
		291200A81EE1895D00ACE234 /* timg_0005.png in Resources */ = {isa = PBXBuildFile; fileRef = 291200A01EE1895D00ACE234 /* timg_0005.png */; };
		291200A91EE1895D00ACE234 /* timg_0006.png in Resources */ = {isa = PBXBuildFile; fileRef = 291200A11EE1895D00ACE234 /* timg_0006.png */; };
		291200AA1EE1895D00ACE234 /* timg_0007.png in Resources */ = {isa = PBXBuildFile; fileRef = 291200A21EE1895D00ACE234 /* timg_0007.png */; };
		29E217441EDEC1EC00F40DC4 /* README.md in Sources */ = {isa = PBXBuildFile; fileRef = 29E217431EDEC1EC00F40DC4 /* README.md */; };
		29E217471EDECB2800F40DC4 /* CALayerDefaultAnimationVC.m in Sources */ = {isa = PBXBuildFile; fileRef = 29E217461EDECB2800F40DC4 /* CALayerDefaultAnimationVC.m */; };
		29E2174A1EDEE88700F40DC4 /* CALayerDrawInRect.m in Sources */ = {isa = PBXBuildFile; fileRef = 29E217491EDEE88700F40DC4 /* CALayerDrawInRect.m */; };
		29E2174C1EDEEBDF00F40DC4 /* girls.jpg in Resources */ = {isa = PBXBuildFile; fileRef = 29E2174B1EDEEBDF00F40DC4 /* girls.jpg */; };
		29E2174F1EDFB7E900F40DC4 /* CustomLayerDrawInRectVC.m in Sources */ = {isa = PBXBuildFile; fileRef = 29E2174E1EDFB7E900F40DC4 /* CustomLayerDrawInRectVC.m */; };
		29E217521EDFB8FD00F40DC4 /* ZXCALayer.m in Sources */ = {isa = PBXBuildFile; fileRef = 29E217511EDFB8FD00F40DC4 /* ZXCALayer.m */; };
		29E217551EDFB90D00F40DC4 /* ZXView.m in Sources */ = {isa = PBXBuildFile; fileRef = 29E217541EDFB90D00F40DC4 /* ZXView.m */; };
		29E217571EDFC13400F40DC4 /* bg.jpg in Resources */ = {isa = PBXBuildFile; fileRef = 29E217561EDFC13400F40DC4 /* bg.jpg */; };
		29E2175A1EDFC1F000F40DC4 /* BaseAnimeVC.m in Sources */ = {isa = PBXBuildFile; fileRef = 29E217591EDFC1F000F40DC4 /* BaseAnimeVC.m */; };
		29E2175D1EE00B3B00F40DC4 /* KeyFrameAnimationVC.m in Sources */ = {isa = PBXBuildFile; fileRef = 29E2175C1EE00B3B00F40DC4 /* KeyFrameAnimationVC.m */; };
		29E217601EE017DD00F40DC4 /* AnimationGroupVC.m in Sources */ = {isa = PBXBuildFile; fileRef = 29E2175F1EE017DD00F40DC4 /* AnimationGroupVC.m */; };
		29E217631EE032FB00F40DC4 /* TransitionAnimationVC.m in Sources */ = {isa = PBXBuildFile; fileRef = 29E217621EE032FB00F40DC4 /* TransitionAnimationVC.m */; };
		29E2176C1EE0360B00F40DC4 /* 01.png in Resources */ = {isa = PBXBuildFile; fileRef = 29E217641EE0360B00F40DC4 /* 01.png */; };
		29E2176D1EE0360B00F40DC4 /* 02.png in Resources */ = {isa = PBXBuildFile; fileRef = 29E217651EE0360B00F40DC4 /* 02.png */; };
		29E2176E1EE0360B00F40DC4 /* 03.png in Resources */ = {isa = PBXBuildFile; fileRef = 29E217661EE0360B00F40DC4 /* 03.png */; };
		29E2176F1EE0360B00F40DC4 /* 04.png in Resources */ = {isa = PBXBuildFile; fileRef = 29E217671EE0360B00F40DC4 /* 04.png */; };
		29E217701EE0360B00F40DC4 /* 05.png in Resources */ = {isa = PBXBuildFile; fileRef = 29E217681EE0360B00F40DC4 /* 05.png */; };
		29E217711EE0360B00F40DC4 /* 06.png in Resources */ = {isa = PBXBuildFile; fileRef = 29E217691EE0360B00F40DC4 /* 06.png */; };
		29E217721EE0360B00F40DC4 /* 07.png in Resources */ = {isa = PBXBuildFile; fileRef = 29E2176A1EE0360B00F40DC4 /* 07.png */; };
		29E217731EE0360B00F40DC4 /* 08.png in Resources */ = {isa = PBXBuildFile; fileRef = 29E2176B1EE0360B00F40DC4 /* 08.png */; };
		29F2F7751EDEA32E00849EAE /* main.m in Sources */ = {isa = PBXBuildFile; fileRef = 29F2F7741EDEA32E00849EAE /* main.m */; };
		29F2F7781EDEA32E00849EAE /* AppDelegate.m in Sources */ = {isa = PBXBuildFile; fileRef = 29F2F7771EDEA32E00849EAE /* AppDelegate.m */; };
		29F2F77B1EDEA32E00849EAE /* ViewController.m in Sources */ = {isa = PBXBuildFile; fileRef = 29F2F77A1EDEA32E00849EAE /* ViewController.m */; };
		29F2F77E1EDEA32E00849EAE /* Main.storyboard in Resources */ = {isa = PBXBuildFile; fileRef = 29F2F77C1EDEA32E00849EAE /* Main.storyboard */; };
		29F2F7801EDEA32E00849EAE /* Assets.xcassets in Resources */ = {isa = PBXBuildFile; fileRef = 29F2F77F1EDEA32E00849EAE /* Assets.xcassets */; };
		29F2F7831EDEA32E00849EAE /* LaunchScreen.storyboard in Resources */ = {isa = PBXBuildFile; fileRef = 29F2F7811EDEA32E00849EAE /* LaunchScreen.storyboard */; };
/* End PBXBuildFile section */

/* Begin PBXFileReference section */
		2904A48D1EE0FAAF00A1AA23 /* CADisplaylinkAnimationVC.h */ = {isa = PBXFileReference; fileEncoding = 4; lastKnownFileType = sourcecode.c.h; path = CADisplaylinkAnimationVC.h; sourceTree = "<group>"; };
		2904A48E1EE0FAAF00A1AA23 /* CADisplaylinkAnimationVC.m */ = {isa = PBXFileReference; fileEncoding = 4; lastKnownFileType = sourcecode.c.objc; path = CADisplaylinkAnimationVC.m; sourceTree = "<group>"; };
		2912009B1EE1895D00ACE234 /* timg_0000.png */ = {isa = PBXFileReference; lastKnownFileType = image.png; path = timg_0000.png; sourceTree = "<group>"; };
		2912009C1EE1895D00ACE234 /* timg_0001.png */ = {isa = PBXFileReference; lastKnownFileType = image.png; path = timg_0001.png; sourceTree = "<group>"; };
		2912009D1EE1895D00ACE234 /* timg_0002.png */ = {isa = PBXFileReference; lastKnownFileType = image.png; path = timg_0002.png; sourceTree = "<group>"; };
		2912009E1EE1895D00ACE234 /* timg_0003.png */ = {isa = PBXFileReference; lastKnownFileType = image.png; path = timg_0003.png; sourceTree = "<group>"; };
		2912009F1EE1895D00ACE234 /* timg_0004.png */ = {isa = PBXFileReference; lastKnownFileType = image.png; path = timg_0004.png; sourceTree = "<group>"; };
		291200A01EE1895D00ACE234 /* timg_0005.png */ = {isa = PBXFileReference; lastKnownFileType = image.png; path = timg_0005.png; sourceTree = "<group>"; };
		291200A11EE1895D00ACE234 /* timg_0006.png */ = {isa = PBXFileReference; lastKnownFileType = image.png; path = timg_0006.png; sourceTree = "<group>"; };
		291200A21EE1895D00ACE234 /* timg_0007.png */ = {isa = PBXFileReference; lastKnownFileType = image.png; path = timg_0007.png; sourceTree = "<group>"; };
		291200AC1EE18D6000ACE234 /* Base */ = {isa = PBXFileReference; lastKnownFileType = sourcecode.c.h; name = Base; path = Base.lproj/AnimationFromUIView.h; sourceTree = "<group>"; };
		291200AE1EE18D6000ACE234 /* Base */ = {isa = PBXFileReference; lastKnownFileType = sourcecode.c.objc; name = Base; path = Base.lproj/AnimationFromUIView.m; sourceTree = "<group>"; };
		29E217431EDEC1EC00F40DC4 /* README.md */ = {isa = PBXFileReference; fileEncoding = 4; lastKnownFileType = net.daringfireball.markdown; path = README.md; sourceTree = "<group>"; };
		29E217451EDECB2800F40DC4 /* CALayerDefaultAnimationVC.h */ = {isa = PBXFileReference; fileEncoding = 4; lastKnownFileType = sourcecode.c.h; path = CALayerDefaultAnimationVC.h; sourceTree = "<group>"; };
		29E217461EDECB2800F40DC4 /* CALayerDefaultAnimationVC.m */ = {isa = PBXFileReference; fileEncoding = 4; lastKnownFileType = sourcecode.c.objc; path = CALayerDefaultAnimationVC.m; sourceTree = "<group>"; };
		29E217481EDEE88700F40DC4 /* CALayerDrawInRect.h */ = {isa = PBXFileReference; fileEncoding = 4; lastKnownFileType = sourcecode.c.h; path = CALayerDrawInRect.h; sourceTree = "<group>"; };
		29E217491EDEE88700F40DC4 /* CALayerDrawInRect.m */ = {isa = PBXFileReference; fileEncoding = 4; lastKnownFileType = sourcecode.c.objc; path = CALayerDrawInRect.m; sourceTree = "<group>"; };
		29E2174B1EDEEBDF00F40DC4 /* girls.jpg */ = {isa = PBXFileReference; lastKnownFileType = image.jpeg; path = girls.jpg; sourceTree = "<group>"; };
		29E2174D1EDFB7E900F40DC4 /* CustomLayerDrawInRectVC.h */ = {isa = PBXFileReference; fileEncoding = 4; lastKnownFileType = sourcecode.c.h; path = CustomLayerDrawInRectVC.h; sourceTree = "<group>"; };
		29E2174E1EDFB7E900F40DC4 /* CustomLayerDrawInRectVC.m */ = {isa = PBXFileReference; fileEncoding = 4; lastKnownFileType = sourcecode.c.objc; path = CustomLayerDrawInRectVC.m; sourceTree = "<group>"; };
		29E217501EDFB8FD00F40DC4 /* ZXCALayer.h */ = {isa = PBXFileReference; fileEncoding = 4; lastKnownFileType = sourcecode.c.h; path = ZXCALayer.h; sourceTree = "<group>"; };
		29E217511EDFB8FD00F40DC4 /* ZXCALayer.m */ = {isa = PBXFileReference; fileEncoding = 4; lastKnownFileType = sourcecode.c.objc; path = ZXCALayer.m; sourceTree = "<group>"; };
		29E217531EDFB90D00F40DC4 /* ZXView.h */ = {isa = PBXFileReference; fileEncoding = 4; lastKnownFileType = sourcecode.c.h; path = ZXView.h; sourceTree = "<group>"; };
		29E217541EDFB90D00F40DC4 /* ZXView.m */ = {isa = PBXFileReference; fileEncoding = 4; lastKnownFileType = sourcecode.c.objc; path = ZXView.m; sourceTree = "<group>"; };
		29E217561EDFC13400F40DC4 /* bg.jpg */ = {isa = PBXFileReference; lastKnownFileType = image.jpeg; path = bg.jpg; sourceTree = "<group>"; };
		29E217581EDFC1F000F40DC4 /* BaseAnimeVC.h */ = {isa = PBXFileReference; fileEncoding = 4; lastKnownFileType = sourcecode.c.h; path = BaseAnimeVC.h; sourceTree = "<group>"; };
		29E217591EDFC1F000F40DC4 /* BaseAnimeVC.m */ = {isa = PBXFileReference; fileEncoding = 4; lastKnownFileType = sourcecode.c.objc; path = BaseAnimeVC.m; sourceTree = "<group>"; };
		29E2175B1EE00B3B00F40DC4 /* KeyFrameAnimationVC.h */ = {isa = PBXFileReference; fileEncoding = 4; lastKnownFileType = sourcecode.c.h; path = KeyFrameAnimationVC.h; sourceTree = "<group>"; };
		29E2175C1EE00B3B00F40DC4 /* KeyFrameAnimationVC.m */ = {isa = PBXFileReference; fileEncoding = 4; lastKnownFileType = sourcecode.c.objc; path = KeyFrameAnimationVC.m; sourceTree = "<group>"; };
		29E2175E1EE017DD00F40DC4 /* AnimationGroupVC.h */ = {isa = PBXFileReference; fileEncoding = 4; lastKnownFileType = sourcecode.c.h; path = AnimationGroupVC.h; sourceTree = "<group>"; };
		29E2175F1EE017DD00F40DC4 /* AnimationGroupVC.m */ = {isa = PBXFileReference; fileEncoding = 4; lastKnownFileType = sourcecode.c.objc; path = AnimationGroupVC.m; sourceTree = "<group>"; };
		29E217611EE032FB00F40DC4 /* TransitionAnimationVC.h */ = {isa = PBXFileReference; fileEncoding = 4; lastKnownFileType = sourcecode.c.h; path = TransitionAnimationVC.h; sourceTree = "<group>"; };
		29E217621EE032FB00F40DC4 /* TransitionAnimationVC.m */ = {isa = PBXFileReference; fileEncoding = 4; lastKnownFileType = sourcecode.c.objc; path = TransitionAnimationVC.m; sourceTree = "<group>"; };
		29E217641EE0360B00F40DC4 /* 01.png */ = {isa = PBXFileReference; lastKnownFileType = image.png; path = 01.png; sourceTree = "<group>"; };
		29E217651EE0360B00F40DC4 /* 02.png */ = {isa = PBXFileReference; lastKnownFileType = image.png; path = 02.png; sourceTree = "<group>"; };
		29E217661EE0360B00F40DC4 /* 03.png */ = {isa = PBXFileReference; lastKnownFileType = image.png; path = 03.png; sourceTree = "<group>"; };
		29E217671EE0360B00F40DC4 /* 04.png */ = {isa = PBXFileReference; lastKnownFileType = image.png; path = 04.png; sourceTree = "<group>"; };
		29E217681EE0360B00F40DC4 /* 05.png */ = {isa = PBXFileReference; lastKnownFileType = image.png; path = 05.png; sourceTree = "<group>"; };
		29E217691EE0360B00F40DC4 /* 06.png */ = {isa = PBXFileReference; lastKnownFileType = image.png; path = 06.png; sourceTree = "<group>"; };
		29E2176A1EE0360B00F40DC4 /* 07.png */ = {isa = PBXFileReference; lastKnownFileType = image.png; path = 07.png; sourceTree = "<group>"; };
		29E2176B1EE0360B00F40DC4 /* 08.png */ = {isa = PBXFileReference; lastKnownFileType = image.png; path = 08.png; sourceTree = "<group>"; };
		29F2F7701EDEA32E00849EAE /* 核心动画CoreAnimation和图层CALayer的使用举例Demo.app */ = {isa = PBXFileReference; explicitFileType = wrapper.application; includeInIndex = 0; path = "核心动画CoreAnimation和图层CALayer的使用举例Demo.app"; sourceTree = BUILT_PRODUCTS_DIR; };
		29F2F7741EDEA32E00849EAE /* main.m */ = {isa = PBXFileReference; lastKnownFileType = sourcecode.c.objc; path = main.m; sourceTree = "<group>"; };
		29F2F7761EDEA32E00849EAE /* AppDelegate.h */ = {isa = PBXFileReference; lastKnownFileType = sourcecode.c.h; path = AppDelegate.h; sourceTree = "<group>"; };
		29F2F7771EDEA32E00849EAE /* AppDelegate.m */ = {isa = PBXFileReference; lastKnownFileType = sourcecode.c.objc; path = AppDelegate.m; sourceTree = "<group>"; };
		29F2F7791EDEA32E00849EAE /* ViewController.h */ = {isa = PBXFileReference; lastKnownFileType = sourcecode.c.h; path = ViewController.h; sourceTree = "<group>"; };
		29F2F77A1EDEA32E00849EAE /* ViewController.m */ = {isa = PBXFileReference; lastKnownFileType = sourcecode.c.objc; path = ViewController.m; sourceTree = "<group>"; };
		29F2F77D1EDEA32E00849EAE /* Base */ = {isa = PBXFileReference; lastKnownFileType = file.storyboard; name = Base; path = Base.lproj/Main.storyboard; sourceTree = "<group>"; };
		29F2F77F1EDEA32E00849EAE /* Assets.xcassets */ = {isa = PBXFileReference; lastKnownFileType = folder.assetcatalog; path = Assets.xcassets; sourceTree = "<group>"; };
		29F2F7821EDEA32E00849EAE /* Base */ = {isa = PBXFileReference; lastKnownFileType = file.storyboard; name = Base; path = Base.lproj/LaunchScreen.storyboard; sourceTree = "<group>"; };
		29F2F7841EDEA32E00849EAE /* Info.plist */ = {isa = PBXFileReference; lastKnownFileType = text.plist.xml; path = Info.plist; sourceTree = "<group>"; };
/* End PBXFileReference section */

/* Begin PBXFrameworksBuildPhase section */
		29F2F76D1EDEA32E00849EAE /* Frameworks */ = {
			isa = PBXFrameworksBuildPhase;
			buildActionMask = 2147483647;
			files = (
			);
			runOnlyForDeploymentPostprocessing = 0;
		};
/* End PBXFrameworksBuildPhase section */

/* Begin PBXGroup section */
		29F2F7671EDEA32E00849EAE = {
			isa = PBXGroup;
			children = (
				29E217431EDEC1EC00F40DC4 /* README.md */,
				29F2F7721EDEA32E00849EAE /* 核心动画CoreAnimation和图层CALayer的使用举例Demo */,
				29F2F7711EDEA32E00849EAE /* Products */,
			);
			sourceTree = "<group>";
		};
		29F2F7711EDEA32E00849EAE /* Products */ = {
			isa = PBXGroup;
			children = (
				29F2F7701EDEA32E00849EAE /* 核心动画CoreAnimation和图层CALayer的使用举例Demo.app */,
			);
			name = Products;
			sourceTree = "<group>";
		};
		29F2F7721EDEA32E00849EAE /* 核心动画CoreAnimation和图层CALayer的使用举例Demo */ = {
			isa = PBXGroup;
			children = (
				2912009B1EE1895D00ACE234 /* timg_0000.png */,
				2912009C1EE1895D00ACE234 /* timg_0001.png */,
				2912009D1EE1895D00ACE234 /* timg_0002.png */,
				2912009E1EE1895D00ACE234 /* timg_0003.png */,
				2912009F1EE1895D00ACE234 /* timg_0004.png */,
				291200A01EE1895D00ACE234 /* timg_0005.png */,
				291200A11EE1895D00ACE234 /* timg_0006.png */,
				291200A21EE1895D00ACE234 /* timg_0007.png */,
				29E217561EDFC13400F40DC4 /* bg.jpg */,
				29E2174B1EDEEBDF00F40DC4 /* girls.jpg */,
				29E217641EE0360B00F40DC4 /* 01.png */,
				29E217651EE0360B00F40DC4 /* 02.png */,
				29E217661EE0360B00F40DC4 /* 03.png */,
				29E217671EE0360B00F40DC4 /* 04.png */,
				29E217681EE0360B00F40DC4 /* 05.png */,
				29E217691EE0360B00F40DC4 /* 06.png */,
				29E2176A1EE0360B00F40DC4 /* 07.png */,
				29E2176B1EE0360B00F40DC4 /* 08.png */,
				29F2F7761EDEA32E00849EAE /* AppDelegate.h */,
				29F2F7771EDEA32E00849EAE /* AppDelegate.m */,
				29F2F7791EDEA32E00849EAE /* ViewController.h */,
				29F2F77A1EDEA32E00849EAE /* ViewController.m */,
				29E217451EDECB2800F40DC4 /* CALayerDefaultAnimationVC.h */,
				29E217461EDECB2800F40DC4 /* CALayerDefaultAnimationVC.m */,
				29E217481EDEE88700F40DC4 /* CALayerDrawInRect.h */,
				29E217491EDEE88700F40DC4 /* CALayerDrawInRect.m */,
				29E2174D1EDFB7E900F40DC4 /* CustomLayerDrawInRectVC.h */,
				29E2174E1EDFB7E900F40DC4 /* CustomLayerDrawInRectVC.m */,
				29E217501EDFB8FD00F40DC4 /* ZXCALayer.h */,
				29E217511EDFB8FD00F40DC4 /* ZXCALayer.m */,
				29E217531EDFB90D00F40DC4 /* ZXView.h */,
				29E217541EDFB90D00F40DC4 /* ZXView.m */,
				29E217581EDFC1F000F40DC4 /* BaseAnimeVC.h */,
				29E217591EDFC1F000F40DC4 /* BaseAnimeVC.m */,
				29E2175B1EE00B3B00F40DC4 /* KeyFrameAnimationVC.h */,
				29E2175C1EE00B3B00F40DC4 /* KeyFrameAnimationVC.m */,
				29E2175E1EE017DD00F40DC4 /* AnimationGroupVC.h */,
				29E2175F1EE017DD00F40DC4 /* AnimationGroupVC.m */,
				29E217611EE032FB00F40DC4 /* TransitionAnimationVC.h */,
				29E217621EE032FB00F40DC4 /* TransitionAnimationVC.m */,
				2904A48D1EE0FAAF00A1AA23 /* CADisplaylinkAnimationVC.h */,
				2904A48E1EE0FAAF00A1AA23 /* CADisplaylinkAnimationVC.m */,
				291200AB1EE18D6000ACE234 /* AnimationFromUIView.h */,
				291200AD1EE18D6000ACE234 /* AnimationFromUIView.m */,
				29F2F77C1EDEA32E00849EAE /* Main.storyboard */,
				29F2F77F1EDEA32E00849EAE /* Assets.xcassets */,
				29F2F7811EDEA32E00849EAE /* LaunchScreen.storyboard */,
				29F2F7841EDEA32E00849EAE /* Info.plist */,
				29F2F7731EDEA32E00849EAE /* Supporting Files */,
			);
			path = "核心动画CoreAnimation和图层CALayer的使用举例Demo";
			sourceTree = "<group>";
		};
		29F2F7731EDEA32E00849EAE /* Supporting Files */ = {
			isa = PBXGroup;
			children = (
				29F2F7741EDEA32E00849EAE /* main.m */,
			);
			name = "Supporting Files";
			sourceTree = "<group>";
		};
/* End PBXGroup section */

/* Begin PBXNativeTarget section */
		29F2F76F1EDEA32E00849EAE /* 核心动画CoreAnimation和图层CALayer的使用举例Demo */ = {
			isa = PBXNativeTarget;
			buildConfigurationList = 29F2F7871EDEA32E00849EAE /* Build configuration list for PBXNativeTarget "核心动画CoreAnimation和图层CALayer的使用举例Demo" */;
			buildPhases = (
				29F2F76C1EDEA32E00849EAE /* Sources */,
				29F2F76D1EDEA32E00849EAE /* Frameworks */,
				29F2F76E1EDEA32E00849EAE /* Resources */,
			);
			buildRules = (
			);
			dependencies = (
			);
			name = "核心动画CoreAnimation和图层CALayer的使用举例Demo";
			productName = "核心动画CoreAnimation和图层CALayer的使用举例Demo";
			productReference = 29F2F7701EDEA32E00849EAE /* 核心动画CoreAnimation和图层CALayer的使用举例Demo.app */;
			productType = "com.apple.product-type.application";
		};
/* End PBXNativeTarget section */

/* Begin PBXProject section */
		29F2F7681EDEA32E00849EAE /* Project object */ = {
			isa = PBXProject;
			attributes = {
				LastUpgradeCheck = 0830;
				ORGANIZATIONNAME = zxx_mbp;
				TargetAttributes = {
					29F2F76F1EDEA32E00849EAE = {
						CreatedOnToolsVersion = 8.3.2;
						DevelopmentTeam = K8MT65P2FF;
						ProvisioningStyle = Automatic;
					};
				};
			};
			buildConfigurationList = 29F2F76B1EDEA32E00849EAE /* Build configuration list for PBXProject "核心动画CoreAnimation和图层CALayer的使用举例Demo" */;
			compatibilityVersion = "Xcode 3.2";
			developmentRegion = English;
			hasScannedForEncodings = 0;
			knownRegions = (
				en,
				Base,
			);
			mainGroup = 29F2F7671EDEA32E00849EAE;
			productRefGroup = 29F2F7711EDEA32E00849EAE /* Products */;
			projectDirPath = "";
			projectRoot = "";
			targets = (
				29F2F76F1EDEA32E00849EAE /* 核心动画CoreAnimation和图层CALayer的使用举例Demo */,
			);
		};
/* End PBXProject section */

/* Begin PBXResourcesBuildPhase section */
		29F2F76E1EDEA32E00849EAE /* Resources */ = {
			isa = PBXResourcesBuildPhase;
			buildActionMask = 2147483647;
			files = (
				29E217731EE0360B00F40DC4 /* 08.png in Resources */,
				29E217721EE0360B00F40DC4 /* 07.png in Resources */,
				291200AA1EE1895D00ACE234 /* timg_0007.png in Resources */,
				291200A71EE1895D00ACE234 /* timg_0004.png in Resources */,
				291200A51EE1895D00ACE234 /* timg_0002.png in Resources */,
				291200A31EE1895D00ACE234 /* timg_0000.png in Resources */,
				29E217701EE0360B00F40DC4 /* 05.png in Resources */,
				29E2176C1EE0360B00F40DC4 /* 01.png in Resources */,
				291200A81EE1895D00ACE234 /* timg_0005.png in Resources */,
				29F2F7831EDEA32E00849EAE /* LaunchScreen.storyboard in Resources */,
				29F2F7801EDEA32E00849EAE /* Assets.xcassets in Resources */,
				29E2176D1EE0360B00F40DC4 /* 02.png in Resources */,
				291200A61EE1895D00ACE234 /* timg_0003.png in Resources */,
				29E2176E1EE0360B00F40DC4 /* 03.png in Resources */,
				29E217571EDFC13400F40DC4 /* bg.jpg in Resources */,
				291200A91EE1895D00ACE234 /* timg_0006.png in Resources */,
				29E2176F1EE0360B00F40DC4 /* 04.png in Resources */,
				29E217711EE0360B00F40DC4 /* 06.png in Resources */,
				29F2F77E1EDEA32E00849EAE /* Main.storyboard in Resources */,
				29E2174C1EDEEBDF00F40DC4 /* girls.jpg in Resources */,
				291200A41EE1895D00ACE234 /* timg_0001.png in Resources */,
			);
			runOnlyForDeploymentPostprocessing = 0;
		};
/* End PBXResourcesBuildPhase section */

/* Begin PBXSourcesBuildPhase section */
		29F2F76C1EDEA32E00849EAE /* Sources */ = {
			isa = PBXSourcesBuildPhase;
			buildActionMask = 2147483647;
			files = (
				2904A48F1EE0FAAF00A1AA23 /* CADisplaylinkAnimationVC.m in Sources */,
				29E2174F1EDFB7E900F40DC4 /* CustomLayerDrawInRectVC.m in Sources */,
				29E217521EDFB8FD00F40DC4 /* ZXCALayer.m in Sources */,
				29E2175A1EDFC1F000F40DC4 /* BaseAnimeVC.m in Sources */,
				29E217631EE032FB00F40DC4 /* TransitionAnimationVC.m in Sources */,
				29E217601EE017DD00F40DC4 /* AnimationGroupVC.m in Sources */,
				29E217551EDFB90D00F40DC4 /* ZXView.m in Sources */,
				29F2F77B1EDEA32E00849EAE /* ViewController.m in Sources */,
				29F2F7781EDEA32E00849EAE /* AppDelegate.m in Sources */,
				29E2174A1EDEE88700F40DC4 /* CALayerDrawInRect.m in Sources */,
				29E217471EDECB2800F40DC4 /* CALayerDefaultAnimationVC.m in Sources */,
				29E2175D1EE00B3B00F40DC4 /* KeyFrameAnimationVC.m in Sources */,
				29E217441EDEC1EC00F40DC4 /* README.md in Sources */,
				29F2F7751EDEA32E00849EAE /* main.m in Sources */,
			);
			runOnlyForDeploymentPostprocessing = 0;
		};
/* End PBXSourcesBuildPhase section */

/* Begin PBXVariantGroup section */
		291200AB1EE18D6000ACE234 /* AnimationFromUIView.h */ = {
			isa = PBXVariantGroup;
			children = (
				291200AC1EE18D6000ACE234 /* Base */,
			);
			name = AnimationFromUIView.h;
			sourceTree = "<group>";
		};
		291200AD1EE18D6000ACE234 /* AnimationFromUIView.m */ = {
			isa = PBXVariantGroup;
			children = (
				291200AE1EE18D6000ACE234 /* Base */,
			);
			name = AnimationFromUIView.m;
			sourceTree = "<group>";
		};
		29F2F77C1EDEA32E00849EAE /* Main.storyboard */ = {
			isa = PBXVariantGroup;
			children = (
				29F2F77D1EDEA32E00849EAE /* Base */,
			);
			name = Main.storyboard;
			sourceTree = "<group>";
		};
		29F2F7811EDEA32E00849EAE /* LaunchScreen.storyboard */ = {
			isa = PBXVariantGroup;
			children = (
				29F2F7821EDEA32E00849EAE /* Base */,
			);
			name = LaunchScreen.storyboard;
			sourceTree = "<group>";
		};
/* End PBXVariantGroup section */

/* Begin XCBuildConfiguration section */
		29F2F7851EDEA32E00849EAE /* Debug */ = {
			isa = XCBuildConfiguration;
			buildSettings = {
				ALWAYS_SEARCH_USER_PATHS = NO;
				CLANG_ANALYZER_NONNULL = YES;
				CLANG_ANALYZER_NUMBER_OBJECT_CONVERSION = YES_AGGRESSIVE;
				CLANG_CXX_LANGUAGE_STANDARD = "gnu++0x";
				CLANG_CXX_LIBRARY = "libc++";
				CLANG_ENABLE_MODULES = YES;
				CLANG_ENABLE_OBJC_ARC = YES;
				CLANG_WARN_BOOL_CONVERSION = YES;
				CLANG_WARN_CONSTANT_CONVERSION = YES;
				CLANG_WARN_DIRECT_OBJC_ISA_USAGE = YES_ERROR;
				CLANG_WARN_DOCUMENTATION_COMMENTS = YES;
				CLANG_WARN_EMPTY_BODY = YES;
				CLANG_WARN_ENUM_CONVERSION = YES;
				CLANG_WARN_INFINITE_RECURSION = YES;
				CLANG_WARN_INT_CONVERSION = YES;
				CLANG_WARN_OBJC_ROOT_CLASS = YES_ERROR;
				CLANG_WARN_SUSPICIOUS_MOVE = YES;
				CLANG_WARN_UNREACHABLE_CODE = YES;
				CLANG_WARN__DUPLICATE_METHOD_MATCH = YES;
				"CODE_SIGN_IDENTITY[sdk=iphoneos*]" = "iPhone Developer";
				COPY_PHASE_STRIP = NO;
				DEBUG_INFORMATION_FORMAT = dwarf;
				ENABLE_STRICT_OBJC_MSGSEND = YES;
				ENABLE_TESTABILITY = YES;
				GCC_C_LANGUAGE_STANDARD = gnu99;
				GCC_DYNAMIC_NO_PIC = NO;
				GCC_NO_COMMON_BLOCKS = YES;
				GCC_OPTIMIZATION_LEVEL = 0;
				GCC_PREPROCESSOR_DEFINITIONS = (
					"DEBUG=1",
					"$(inherited)",
				);
				GCC_WARN_64_TO_32_BIT_CONVERSION = YES;
				GCC_WARN_ABOUT_RETURN_TYPE = YES_ERROR;
				GCC_WARN_UNDECLARED_SELECTOR = YES;
				GCC_WARN_UNINITIALIZED_AUTOS = YES_AGGRESSIVE;
				GCC_WARN_UNUSED_FUNCTION = YES;
				GCC_WARN_UNUSED_VARIABLE = YES;
				IPHONEOS_DEPLOYMENT_TARGET = 10.3;
				MTL_ENABLE_DEBUG_INFO = YES;
				ONLY_ACTIVE_ARCH = YES;
				SDKROOT = iphoneos;
			};
			name = Debug;
		};
		29F2F7861EDEA32E00849EAE /* Release */ = {
			isa = XCBuildConfiguration;
			buildSettings = {
				ALWAYS_SEARCH_USER_PATHS = NO;
				CLANG_ANALYZER_NONNULL = YES;
				CLANG_ANALYZER_NUMBER_OBJECT_CONVERSION = YES_AGGRESSIVE;
				CLANG_CXX_LANGUAGE_STANDARD = "gnu++0x";
				CLANG_CXX_LIBRARY = "libc++";
				CLANG_ENABLE_MODULES = YES;
				CLANG_ENABLE_OBJC_ARC = YES;
				CLANG_WARN_BOOL_CONVERSION = YES;
				CLANG_WARN_CONSTANT_CONVERSION = YES;
				CLANG_WARN_DIRECT_OBJC_ISA_USAGE = YES_ERROR;
				CLANG_WARN_DOCUMENTATION_COMMENTS = YES;
				CLANG_WARN_EMPTY_BODY = YES;
				CLANG_WARN_ENUM_CONVERSION = YES;
				CLANG_WARN_INFINITE_RECURSION = YES;
				CLANG_WARN_INT_CONVERSION = YES;
				CLANG_WARN_OBJC_ROOT_CLASS = YES_ERROR;
				CLANG_WARN_SUSPICIOUS_MOVE = YES;
				CLANG_WARN_UNREACHABLE_CODE = YES;
				CLANG_WARN__DUPLICATE_METHOD_MATCH = YES;
				"CODE_SIGN_IDENTITY[sdk=iphoneos*]" = "iPhone Developer";
				COPY_PHASE_STRIP = NO;
				DEBUG_INFORMATION_FORMAT = "dwarf-with-dsym";
				ENABLE_NS_ASSERTIONS = NO;
				ENABLE_STRICT_OBJC_MSGSEND = YES;
				GCC_C_LANGUAGE_STANDARD = gnu99;
				GCC_NO_COMMON_BLOCKS = YES;
				GCC_WARN_64_TO_32_BIT_CONVERSION = YES;
				GCC_WARN_ABOUT_RETURN_TYPE = YES_ERROR;
				GCC_WARN_UNDECLARED_SELECTOR = YES;
				GCC_WARN_UNINITIALIZED_AUTOS = YES_AGGRESSIVE;
				GCC_WARN_UNUSED_FUNCTION = YES;
				GCC_WARN_UNUSED_VARIABLE = YES;
				IPHONEOS_DEPLOYMENT_TARGET = 10.3;
				MTL_ENABLE_DEBUG_INFO = NO;
				SDKROOT = iphoneos;
				VALIDATE_PRODUCT = YES;
			};
			name = Release;
		};
		29F2F7881EDEA32E00849EAE /* Debug */ = {
			isa = XCBuildConfiguration;
			buildSettings = {
				ASSETCATALOG_COMPILER_APPICON_NAME = AppIcon;
				DEVELOPMENT_TEAM = K8MT65P2FF;
				INFOPLIST_FILE = "核心动画CoreAnimation和图层CALayer的使用举例Demo/Info.plist";
				LD_RUNPATH_SEARCH_PATHS = "$(inherited) @executable_path/Frameworks";
				PRODUCT_BUNDLE_IDENTIFIER = "xtc.----CoreAnimation---CALayer-----Demo";
				PRODUCT_NAME = "$(TARGET_NAME)";
			};
			name = Debug;
		};
		29F2F7891EDEA32E00849EAE /* Release */ = {
			isa = XCBuildConfiguration;
			buildSettings = {
				ASSETCATALOG_COMPILER_APPICON_NAME = AppIcon;
				DEVELOPMENT_TEAM = K8MT65P2FF;
				INFOPLIST_FILE = "核心动画CoreAnimation和图层CALayer的使用举例Demo/Info.plist";
				LD_RUNPATH_SEARCH_PATHS = "$(inherited) @executable_path/Frameworks";
				PRODUCT_BUNDLE_IDENTIFIER = "xtc.----CoreAnimation---CALayer-----Demo";
				PRODUCT_NAME = "$(TARGET_NAME)";
			};
			name = Release;
		};
/* End XCBuildConfiguration section */

/* Begin XCConfigurationList section */
		29F2F76B1EDEA32E00849EAE /* Build configuration list for PBXProject "核心动画CoreAnimation和图层CALayer的使用举例Demo" */ = {
			isa = XCConfigurationList;
			buildConfigurations = (
				29F2F7851EDEA32E00849EAE /* Debug */,
				29F2F7861EDEA32E00849EAE /* Release */,
			);
			defaultConfigurationIsVisible = 0;
			defaultConfigurationName = Release;
		};
		29F2F7871EDEA32E00849EAE /* Build configuration list for PBXNativeTarget "核心动画CoreAnimation和图层CALayer的使用举例Demo" */ = {
			isa = XCConfigurationList;
			buildConfigurations = (
				29F2F7881EDEA32E00849EAE /* Debug */,
				29F2F7891EDEA32E00849EAE /* Release */,
			);
			defaultConfigurationIsVisible = 0;
			defaultConfigurationName = Release;
		};
/* End XCConfigurationList section */
	};
	rootObject = 29F2F7681EDEA32E00849EAE /* Project object */;
}
